// !$*UTF8*$!
{
	archiveVersion = 1;
	classes = {
	};
	objectVersion = 46;
	objects = {

/* Begin PBXBuildFile section */
		CE19338E1B6A37EF002F4FCB /* main.m in Sources */ = {isa = PBXBuildFile; fileRef = CE19338D1B6A37EF002F4FCB /* main.m */; };
		CE1933911B6A37EF002F4FCB /* AppDelegate.m in Sources */ = {isa = PBXBuildFile; fileRef = CE1933901B6A37EF002F4FCB /* AppDelegate.m */; };
		CE1933941B6A37EF002F4FCB /* CookBookApp.xcdatamodeld in Sources */ = {isa = PBXBuildFile; fileRef = CE1933921B6A37EF002F4FCB /* CookBookApp.xcdatamodeld */; };
		CE1933971B6A37EF002F4FCB /* ViewController.m in Sources */ = {isa = PBXBuildFile; fileRef = CE1933961B6A37EF002F4FCB /* ViewController.m */; };
		CE19339A1B6A37EF002F4FCB /* Main.storyboard in Resources */ = {isa = PBXBuildFile; fileRef = CE1933981B6A37EF002F4FCB /* Main.storyboard */; };
		CE19339C1B6A37EF002F4FCB /* Images.xcassets in Resources */ = {isa = PBXBuildFile; fileRef = CE19339B1B6A37EF002F4FCB /* Images.xcassets */; };
		CE19339F1B6A37EF002F4FCB /* LaunchScreen.xib in Resources */ = {isa = PBXBuildFile; fileRef = CE19339D1B6A37EF002F4FCB /* LaunchScreen.xib */; };
		CE1933AB1B6A37EF002F4FCB /* CookBookAppTests.m in Sources */ = {isa = PBXBuildFile; fileRef = CE1933AA1B6A37EF002F4FCB /* CookBookAppTests.m */; };
/* End PBXBuildFile section */

/* Begin PBXContainerItemProxy section */
		CE1933A51B6A37EF002F4FCB /* PBXContainerItemProxy */ = {
			isa = PBXContainerItemProxy;
			containerPortal = CE1933801B6A37EF002F4FCB /* Project object */;
			proxyType = 1;
			remoteGlobalIDString = CE1933871B6A37EF002F4FCB;
			remoteInfo = CookBookApp;
		};
/* End PBXContainerItemProxy section */

/* Begin PBXFileReference section */
		CE1933881B6A37EF002F4FCB /* CookBookApp.app */ = {isa = PBXFileReference; explicitFileType = wrapper.application; includeInIndex = 0; path = CookBookApp.app; sourceTree = BUILT_PRODUCTS_DIR; };
		CE19338C1B6A37EF002F4FCB /* Info.plist */ = {isa = PBXFileReference; lastKnownFileType = text.plist.xml; path = Info.plist; sourceTree = "<group>"; };
		CE19338D1B6A37EF002F4FCB /* main.m */ = {isa = PBXFileReference; lastKnownFileType = sourcecode.c.objc; path = main.m; sourceTree = "<group>"; };
		CE19338F1B6A37EF002F4FCB /* AppDelegate.h */ = {isa = PBXFileReference; lastKnownFileType = sourcecode.c.h; path = AppDelegate.h; sourceTree = "<group>"; };
		CE1933901B6A37EF002F4FCB /* AppDelegate.m */ = {isa = PBXFileReference; lastKnownFileType = sourcecode.c.objc; path = AppDelegate.m; sourceTree = "<group>"; };
		CE1933931B6A37EF002F4FCB /* CookBookApp.xcdatamodel */ = {isa = PBXFileReference; lastKnownFileType = wrapper.xcdatamodel; path = CookBookApp.xcdatamodel; sourceTree = "<group>"; };
		CE1933951B6A37EF002F4FCB /* ViewController.h */ = {isa = PBXFileReference; lastKnownFileType = sourcecode.c.h; path = ViewController.h; sourceTree = "<group>"; };
		CE1933961B6A37EF002F4FCB /* ViewController.m */ = {isa = PBXFileReference; lastKnownFileType = sourcecode.c.objc; path = ViewController.m; sourceTree = "<group>"; };
		CE1933991B6A37EF002F4FCB /* Base */ = {isa = PBXFileReference; lastKnownFileType = file.storyboard; name = Base; path = Base.lproj/Main.storyboard; sourceTree = "<group>"; };
		CE19339B1B6A37EF002F4FCB /* Images.xcassets */ = {isa = PBXFileReference; lastKnownFileType = folder.assetcatalog; path = Images.xcassets; sourceTree = "<group>"; };
		CE19339E1B6A37EF002F4FCB /* Base */ = {isa = PBXFileReference; lastKnownFileType = file.xib; name = Base; path = Base.lproj/LaunchScreen.xib; sourceTree = "<group>"; };
		CE1933A41B6A37EF002F4FCB /* CookBookAppTests.xctest */ = {isa = PBXFileReference; explicitFileType = wrapper.cfbundle; includeInIndex = 0; path = CookBookAppTests.xctest; sourceTree = BUILT_PRODUCTS_DIR; };
		CE1933A91B6A37EF002F4FCB /* Info.plist */ = {isa = PBXFileReference; lastKnownFileType = text.plist.xml; path = Info.plist; sourceTree = "<group>"; };
		CE1933AA1B6A37EF002F4FCB /* CookBookAppTests.m */ = {isa = PBXFileReference; lastKnownFileType = sourcecode.c.objc; path = CookBookAppTests.m; sourceTree = "<group>"; };
/* End PBXFileReference section */

/* Begin PBXFrameworksBuildPhase section */
		CE1933851B6A37EF002F4FCB /* Frameworks */ = {
			isa = PBXFrameworksBuildPhase;
			buildActionMask = 2147483647;
			files = (
			);
			runOnlyForDeploymentPostprocessing = 0;
		};
		CE1933A11B6A37EF002F4FCB /* Frameworks */ = {
			isa = PBXFrameworksBuildPhase;
			buildActionMask = 2147483647;
			files = (
			);
			runOnlyForDeploymentPostprocessing = 0;
		};
/* End PBXFrameworksBuildPhase section */

/* Begin PBXGroup section */
		CE19337F1B6A37EF002F4FCB = {
			isa = PBXGroup;
			children = (
				CE19338A1B6A37EF002F4FCB /* CookBookApp */,
				CE1933A71B6A37EF002F4FCB /* CookBookAppTests */,
				CE1933891B6A37EF002F4FCB /* Products */,
			);
			sourceTree = "<group>";
		};
		CE1933891B6A37EF002F4FCB /* Products */ = {
			isa = PBXGroup;
			children = (
				CE1933881B6A37EF002F4FCB /* CookBookApp.app */,
				CE1933A41B6A37EF002F4FCB /* CookBookAppTests.xctest */,
			);
			name = Products;
			sourceTree = "<group>";
		};
		CE19338A1B6A37EF002F4FCB /* CookBookApp */ = {
			isa = PBXGroup;
			children = (
				CE19338F1B6A37EF002F4FCB /* AppDelegate.h */,
				CE1933901B6A37EF002F4FCB /* AppDelegate.m */,
				CE1933951B6A37EF002F4FCB /* ViewController.h */,
				CE1933961B6A37EF002F4FCB /* ViewController.m */,
				CE1933981B6A37EF002F4FCB /* Main.storyboard */,
				CE19339B1B6A37EF002F4FCB /* Images.xcassets */,
				CE19339D1B6A37EF002F4FCB /* LaunchScreen.xib */,
				CE1933921B6A37EF002F4FCB /* CookBookApp.xcdatamodeld */,
				CE19338B1B6A37EF002F4FCB /* Supporting Files */,
			);
			path = CookBookApp;
			sourceTree = "<group>";
		};
		CE19338B1B6A37EF002F4FCB /* Supporting Files */ = {
			isa = PBXGroup;
			children = (
				CE19338C1B6A37EF002F4FCB /* Info.plist */,
				CE19338D1B6A37EF002F4FCB /* main.m */,
			);
			name = "Supporting Files";
			sourceTree = "<group>";
		};
		CE1933A71B6A37EF002F4FCB /* CookBookAppTests */ = {
			isa = PBXGroup;
			children = (
				CE1933AA1B6A37EF002F4FCB /* CookBookAppTests.m */,
				CE1933A81B6A37EF002F4FCB /* Supporting Files */,
			);
			path = CookBookAppTests;
			sourceTree = "<group>";
		};
		CE1933A81B6A37EF002F4FCB /* Supporting Files */ = {
			isa = PBXGroup;
			children = (
				CE1933A91B6A37EF002F4FCB /* Info.plist */,
			);
			name = "Supporting Files";
			sourceTree = "<group>";
		};
/* End PBXGroup section */

/* Begin PBXNativeTarget section */
		CE1933871B6A37EF002F4FCB /* CookBookApp */ = {
			isa = PBXNativeTarget;
			buildConfigurationList = CE1933AE1B6A37EF002F4FCB /* Build configuration list for PBXNativeTarget "CookBookApp" */;
			buildPhases = (
				CE1933841B6A37EF002F4FCB /* Sources */,
				CE1933851B6A37EF002F4FCB /* Frameworks */,
				CE1933861B6A37EF002F4FCB /* Resources */,
			);
			buildRules = (
			);
			dependencies = (
			);
			name = CookBookApp;
			productName = CookBookApp;
			productReference = CE1933881B6A37EF002F4FCB /* CookBookApp.app */;
			productType = "com.apple.product-type.application";
		};
		CE1933A31B6A37EF002F4FCB /* CookBookAppTests */ = {
			isa = PBXNativeTarget;
			buildConfigurationList = CE1933B11B6A37EF002F4FCB /* Build configuration list for PBXNativeTarget "CookBookAppTests" */;
			buildPhases = (
				CE1933A01B6A37EF002F4FCB /* Sources */,
				CE1933A11B6A37EF002F4FCB /* Frameworks */,
				CE1933A21B6A37EF002F4FCB /* Resources */,
			);
			buildRules = (
			);
			dependencies = (
				CE1933A61B6A37EF002F4FCB /* PBXTargetDependency */,
			);
			name = CookBookAppTests;
			productName = CookBookAppTests;
			productReference = CE1933A41B6A37EF002F4FCB /* CookBookAppTests.xctest */;
			productType = "com.apple.product-type.bundle.unit-test";
		};
/* End PBXNativeTarget section */

/* Begin PBXProject section */
		CE1933801B6A37EF002F4FCB /* Project object */ = {
			isa = PBXProject;
			attributes = {
				LastUpgradeCheck = 0640;
				ORGANIZATIONNAME = User;
				TargetAttributes = {
					CE1933871B6A37EF002F4FCB = {
						CreatedOnToolsVersion = 6.4;
					};
					CE1933A31B6A37EF002F4FCB = {
						CreatedOnToolsVersion = 6.4;
						TestTargetID = CE1933871B6A37EF002F4FCB;
					};
				};
			};
			buildConfigurationList = CE1933831B6A37EF002F4FCB /* Build configuration list for PBXProject "CookBookApp" */;
			compatibilityVersion = "Xcode 3.2";
			developmentRegion = English;
			hasScannedForEncodings = 0;
			knownRegions = (
				en,
				Base,
			);
			mainGroup = CE19337F1B6A37EF002F4FCB;
			productRefGroup = CE1933891B6A37EF002F4FCB /* Products */;
			projectDirPath = "";
			projectRoot = "";
			targets = (
				CE1933871B6A37EF002F4FCB /* CookBookApp */,
				CE1933A31B6A37EF002F4FCB /* CookBookAppTests */,
			);
		};
/* End PBXProject section */

/* Begin PBXResourcesBuildPhase section */
		CE1933861B6A37EF002F4FCB /* Resources */ = {
			isa = PBXResourcesBuildPhase;
			buildActionMask = 2147483647;
			files = (
				CE19339A1B6A37EF002F4FCB /* Main.storyboard in Resources */,
				CE19339F1B6A37EF002F4FCB /* LaunchScreen.xib in Resources */,
				CE19339C1B6A37EF002F4FCB /* Images.xcassets in Resources */,
			);
			runOnlyForDeploymentPostprocessing = 0;
		};
		CE1933A21B6A37EF002F4FCB /* Resources */ = {
			isa = PBXResourcesBuildPhase;
			buildActionMask = 2147483647;
			files = (
			);
			runOnlyForDeploymentPostprocessing = 0;
		};
/* End PBXResourcesBuildPhase section */

/* Begin PBXSourcesBuildPhase section */
		CE1933841B6A37EF002F4FCB /* Sources */ = {
			isa = PBXSourcesBuildPhase;
			buildActionMask = 2147483647;
			files = (
				CE1933911B6A37EF002F4FCB /* AppDelegate.m in Sources */,
				CE1933941B6A37EF002F4FCB /* CookBookApp.xcdatamodeld in Sources */,
				CE1933971B6A37EF002F4FCB /* ViewController.m in Sources */,
				CE19338E1B6A37EF002F4FCB /* main.m in Sources */,
			);
			runOnlyForDeploymentPostprocessing = 0;
		};
		CE1933A01B6A37EF002F4FCB /* Sources */ = {
			isa = PBXSourcesBuildPhase;
			buildActionMask = 2147483647;
			files = (
				CE1933AB1B6A37EF002F4FCB /* CookBookAppTests.m in Sources */,
			);
			runOnlyForDeploymentPostprocessing = 0;
		};
/* End PBXSourcesBuildPhase section */

/* Begin PBXTargetDependency section */
		CE1933A61B6A37EF002F4FCB /* PBXTargetDependency */ = {
			isa = PBXTargetDependency;
			target = CE1933871B6A37EF002F4FCB /* CookBookApp */;
			targetProxy = CE1933A51B6A37EF002F4FCB /* PBXContainerItemProxy */;
		};
/* End PBXTargetDependency section */

/* Begin PBXVariantGroup section */
		CE1933981B6A37EF002F4FCB /* Main.storyboard */ = {
			isa = PBXVariantGroup;
			children = (
				CE1933991B6A37EF002F4FCB /* Base */,
			);
			name = Main.storyboard;
			sourceTree = "<group>";
		};
		CE19339D1B6A37EF002F4FCB /* LaunchScreen.xib */ = {
			isa = PBXVariantGroup;
			children = (
				CE19339E1B6A37EF002F4FCB /* Base */,
			);
			name = LaunchScreen.xib;
			sourceTree = "<group>";
		};
/* End PBXVariantGroup section */

/* Begin XCBuildConfiguration section */
		CE1933AC1B6A37EF002F4FCB /* Debug */ = {
			isa = XCBuildConfiguration;
			buildSettings = {
				ALWAYS_SEARCH_USER_PATHS = NO;
				CLANG_CXX_LANGUAGE_STANDARD = "gnu++0x";
				CLANG_CXX_LIBRARY = "libc++";
				CLANG_ENABLE_MODULES = YES;
				CLANG_ENABLE_OBJC_ARC = YES;
				CLANG_WARN_BOOL_CONVERSION = YES;
				CLANG_WARN_CONSTANT_CONVERSION = YES;
				CLANG_WARN_DIRECT_OBJC_ISA_USAGE = YES_ERROR;
				CLANG_WARN_EMPTY_BODY = YES;
				CLANG_WARN_ENUM_CONVERSION = YES;
				CLANG_WARN_INT_CONVERSION = YES;
				CLANG_WARN_OBJC_ROOT_CLASS = YES_ERROR;
				CLANG_WARN_UNREACHABLE_CODE = YES;
				CLANG_WARN__DUPLICATE_METHOD_MATCH = YES;
				"CODE_SIGN_IDENTITY[sdk=iphoneos*]" = "iPhone Developer";
				COPY_PHASE_STRIP = NO;
				DEBUG_INFORMATION_FORMAT = "dwarf-with-dsym";
				ENABLE_STRICT_OBJC_MSGSEND = YES;
				GCC_C_LANGUAGE_STANDARD = gnu99;
				GCC_DYNAMIC_NO_PIC = NO;
				GCC_NO_COMMON_BLOCKS = YES;
				GCC_OPTIMIZATION_LEVEL = 0;
				GCC_PREPROCESSOR_DEFINITIONS = (
					"DEBUG=1",
					"$(inherited)",
				);
				GCC_SYMBOLS_PRIVATE_EXTERN = NO;
				GCC_WARN_64_TO_32_BIT_CONVERSION = YES;
				GCC_WARN_ABOUT_RETURN_TYPE = YES_ERROR;
				GCC_WARN_UNDECLARED_SELECTOR = YES;
				GCC_WARN_UNINITIALIZED_AUTOS = YES_AGGRESSIVE;
				GCC_WARN_UNUSED_FUNCTION = YES;
				GCC_WARN_UNUSED_VARIABLE = YES;
				IPHONEOS_DEPLOYMENT_TARGET = 8.4;
				MTL_ENABLE_DEBUG_INFO = YES;
				ONLY_ACTIVE_ARCH = YES;
				SDKROOT = iphoneos;
				TARGETED_DEVICE_FAMILY = "1,2";
			};
			name = Debug;
		};
		CE1933AD1B6A37EF002F4FCB /* Release */ = {
			isa = XCBuildConfiguration;
			buildSettings = {
				ALWAYS_SEARCH_USER_PATHS = NO;
				CLANG_CXX_LANGUAGE_STANDARD = "gnu++0x";
				CLANG_CXX_LIBRARY = "libc++";
				CLANG_ENABLE_MODULES = YES;
				CLANG_ENABLE_OBJC_ARC = YES;
				CLANG_WARN_BOOL_CONVERSION = YES;
				CLANG_WARN_CONSTANT_CONVERSION = YES;
				CLANG_WARN_DIRECT_OBJC_ISA_USAGE = YES_ERROR;
				CLANG_WARN_EMPTY_BODY = YES;
				CLANG_WARN_ENUM_CONVERSION = YES;
				CLANG_WARN_INT_CONVERSION = YES;
				CLANG_WARN_OBJC_ROOT_CLASS = YES_ERROR;
				CLANG_WARN_UNREACHABLE_CODE = YES;
				CLANG_WARN__DUPLICATE_METHOD_MATCH = YES;
				"CODE_SIGN_IDENTITY[sdk=iphoneos*]" = "iPhone Developer";
				COPY_PHASE_STRIP = NO;
				DEBUG_INFORMATION_FORMAT = "dwarf-with-dsym";
				ENABLE_NS_ASSERTIONS = NO;
				ENABLE_STRICT_OBJC_MSGSEND = YES;
				GCC_C_LANGUAGE_STANDARD = gnu99;
				GCC_NO_COMMON_BLOCKS = YES;
				GCC_WARN_64_TO_32_BIT_CONVERSION = YES;
				GCC_WARN_ABOUT_RETURN_TYPE = YES_ERROR;
				GCC_WARN_UNDECLARED_SELECTOR = YES;
				GCC_WARN_UNINITIALIZED_AUTOS = YES_AGGRESSIVE;
				GCC_WARN_UNUSED_FUNCTION = YES;
				GCC_WARN_UNUSED_VARIABLE = YES;
				IPHONEOS_DEPLOYMENT_TARGET = 8.4;
				MTL_ENABLE_DEBUG_INFO = NO;
				SDKROOT = iphoneos;
				TARGETED_DEVICE_FAMILY = "1,2";
				VALIDATE_PRODUCT = YES;
			};
			name = Release;
		};
		CE1933AF1B6A37EF002F4FCB /* Debug */ = {
			isa = XCBuildConfiguration;
			buildSettings = {
				ASSETCATALOG_COMPILER_APPICON_NAME = AppIcon;
				INFOPLIST_FILE = CookBookApp/Info.plist;
				LD_RUNPATH_SEARCH_PATHS = "$(inherited) @executable_path/Frameworks";
				PRODUCT_NAME = "$(TARGET_NAME)";
			};
			name = Debug;
		};
		CE1933B01B6A37EF002F4FCB /* Release */ = {
			isa = XCBuildConfiguration;
			buildSettings = {
				ASSETCATALOG_COMPILER_APPICON_NAME = AppIcon;
				INFOPLIST_FILE = CookBookApp/Info.plist;
				LD_RUNPATH_SEARCH_PATHS = "$(inherited) @executable_path/Frameworks";
				PRODUCT_NAME = "$(TARGET_NAME)";
			};
			name = Release;
		};
		CE1933B21B6A37EF002F4FCB /* Debug */ = {
			isa = XCBuildConfiguration;
			buildSettings = {
				BUNDLE_LOADER = "$(TEST_HOST)";
				FRAMEWORK_SEARCH_PATHS = (
					"$(SDKROOT)/Developer/Library/Frameworks",
					"$(inherited)",
				);
				GCC_PREPROCESSOR_DEFINITIONS = (
					"DEBUG=1",
					"$(inherited)",
				);
				INFOPLIST_FILE = CookBookAppTests/Info.plist;
				LD_RUNPATH_SEARCH_PATHS = "$(inherited) @executable_path/Frameworks @loader_path/Frameworks";
				PRODUCT_NAME = "$(TARGET_NAME)";
				TEST_HOST = "$(BUILT_PRODUCTS_DIR)/CookBookApp.app/CookBookApp";
			};
			name = Debug;
		};
		CE1933B31B6A37EF002F4FCB /* Release */ = {
			isa = XCBuildConfiguration;
			buildSettings = {
				BUNDLE_LOADER = "$(TEST_HOST)";
				FRAMEWORK_SEARCH_PATHS = (
					"$(SDKROOT)/Developer/Library/Frameworks",
					"$(inherited)",
				);
				INFOPLIST_FILE = CookBookAppTests/Info.plist;
				LD_RUNPATH_SEARCH_PATHS = "$(inherited) @executable_path/Frameworks @loader_path/Frameworks";
				PRODUCT_NAME = "$(TARGET_NAME)";
				TEST_HOST = "$(BUILT_PRODUCTS_DIR)/CookBookApp.app/CookBookApp";
			};
			name = Release;
		};
/* End XCBuildConfiguration section */

/* Begin XCConfigurationList section */
		CE1933831B6A37EF002F4FCB /* Build configuration list for PBXProject "CookBookApp" */ = {
			isa = XCConfigurationList;
			buildConfigurations = (
				CE1933AC1B6A37EF002F4FCB /* Debug */,
				CE1933AD1B6A37EF002F4FCB /* Release */,
			);
			defaultConfigurationIsVisible = 0;
			defaultConfigurationName = Release;
		};
		CE1933AE1B6A37EF002F4FCB /* Build configuration list for PBXNativeTarget "CookBookApp" */ = {
			isa = XCConfigurationList;
			buildConfigurations = (
				CE1933AF1B6A37EF002F4FCB /* Debug */,
				CE1933B01B6A37EF002F4FCB /* Release */,
			);
			defaultConfigurationIsVisible = 0;
		};
		CE1933B11B6A37EF002F4FCB /* Build configuration list for PBXNativeTarget "CookBookAppTests" */ = {
			isa = XCConfigurationList;
			buildConfigurations = (
				CE1933B21B6A37EF002F4FCB /* Debug */,
				CE1933B31B6A37EF002F4FCB /* Release */,
			);
			defaultConfigurationIsVisible = 0;
		};
/* End XCConfigurationList section */

/* Begin XCVersionGroup section */
		CE1933921B6A37EF002F4FCB /* CookBookApp.xcdatamodeld */ = {
			isa = XCVersionGroup;
			children = (
				CE1933931B6A37EF002F4FCB /* CookBookApp.xcdatamodel */,
			);
			currentVersion = CE1933931B6A37EF002F4FCB /* CookBookApp.xcdatamodel */;
			path = CookBookApp.xcdatamodeld;
			sourceTree = "<group>";
			versionGroupType = wrapper.xcdatamodel;
		};
/* End XCVersionGroup section */
	};
	rootObject = CE1933801B6A37EF002F4FCB /* Project object */;
}
