// !$*UTF8*$!
{
	archiveVersion = 1;
	classes = {
	};
	objectVersion = 46;
	objects = {

/* Begin PBXBuildFile section */
		8A8827EBA84B47EB1F453F74 /* libPods-CookBookApp.a in Frameworks */ = {isa = PBXBuildFile; fileRef = 51EC9C7A589CD7E103FFA988 /* libPods-CookBookApp.a */; };
		CE0FC8071B821ADA00BA9C78 /* FTWCache.m in Sources */ = {isa = PBXBuildFile; fileRef = CE0FC8041B821ADA00BA9C78 /* FTWCache.m */; };
		CE0FC8081B821ADA00BA9C78 /* NSString+MD5.m in Sources */ = {isa = PBXBuildFile; fileRef = CE0FC8061B821ADA00BA9C78 /* NSString+MD5.m */; };
		CE0FC80B1B82265000BA9C78 /* UIImageView+Network.m in Sources */ = {isa = PBXBuildFile; fileRef = CE0FC80A1B82265000BA9C78 /* UIImageView+Network.m */; };
		CE19338E1B6A37EF002F4FCB /* main.m in Sources */ = {isa = PBXBuildFile; fileRef = CE19338D1B6A37EF002F4FCB /* main.m */; };
		CE1933911B6A37EF002F4FCB /* AppDelegate.m in Sources */ = {isa = PBXBuildFile; fileRef = CE1933901B6A37EF002F4FCB /* AppDelegate.m */; };
		CE1933971B6A37EF002F4FCB /* ViewController.m in Sources */ = {isa = PBXBuildFile; fileRef = CE1933961B6A37EF002F4FCB /* ViewController.m */; };
		CE19339C1B6A37EF002F4FCB /* Images.xcassets in Resources */ = {isa = PBXBuildFile; fileRef = CE19339B1B6A37EF002F4FCB /* Images.xcassets */; };
		CE1933AB1B6A37EF002F4FCB /* CookBookAppTests.m in Sources */ = {isa = PBXBuildFile; fileRef = CE1933AA1B6A37EF002F4FCB /* CookBookAppTests.m */; };
		CE1933DB1B6A389D002F4FCB /* AddRecipeViewController.m in Sources */ = {isa = PBXBuildFile; fileRef = CE1933B81B6A389D002F4FCB /* AddRecipeViewController.m */; };
		CE1933DC1B6A389D002F4FCB /* AllRecipesTableViewController.m in Sources */ = {isa = PBXBuildFile; fileRef = CE1933BA1B6A389D002F4FCB /* AllRecipesTableViewController.m */; };
		CE1933E01B6A389D002F4FCB /* Categories.json in Resources */ = {isa = PBXBuildFile; fileRef = CE1933BE1B6A389D002F4FCB /* Categories.json */; };
		CE1933E11B6A389D002F4FCB /* CategoriesTableViewCell.m in Sources */ = {isa = PBXBuildFile; fileRef = CE1933C01B6A389D002F4FCB /* CategoriesTableViewCell.m */; };
		CE1933E21B6A389D002F4FCB /* CategoriesTableViewController.m in Sources */ = {isa = PBXBuildFile; fileRef = CE1933C21B6A389D002F4FCB /* CategoriesTableViewController.m */; };
		CE1933E31B6A389D002F4FCB /* defaultImage.jpg in Resources */ = {isa = PBXBuildFile; fileRef = CE1933C31B6A389D002F4FCB /* defaultImage.jpg */; };
		CE1933E61B6A389D002F4FCB /* FavouriteRecipesTableViewController.m in Sources */ = {isa = PBXBuildFile; fileRef = CE1933C71B6A389D002F4FCB /* FavouriteRecipesTableViewController.m */; };
		CE1933E71B6A389D002F4FCB /* ImageProcessor.m in Sources */ = {isa = PBXBuildFile; fileRef = CE1933C91B6A389D002F4FCB /* ImageProcessor.m */; };
		CE1933E91B6A389D002F4FCB /* Notebook-Recipe-icon.png in Resources */ = {isa = PBXBuildFile; fileRef = CE1933CB1B6A389D002F4FCB /* Notebook-Recipe-icon.png */; };
		CE1933EB1B6A389D002F4FCB /* Plus.png in Resources */ = {isa = PBXBuildFile; fileRef = CE1933CD1B6A389D002F4FCB /* Plus.png */; };
		CE1933EC1B6A389D002F4FCB /* Recipes.json in Resources */ = {isa = PBXBuildFile; fileRef = CE1933CE1B6A389D002F4FCB /* Recipes.json */; };
		CE1933ED1B6A389D002F4FCB /* RecipesTableViewController.m in Sources */ = {isa = PBXBuildFile; fileRef = CE1933D01B6A389D002F4FCB /* RecipesTableViewController.m */; };
		CE1933EE1B6A389D002F4FCB /* RecipeViewController.m in Sources */ = {isa = PBXBuildFile; fileRef = CE1933D21B6A389D002F4FCB /* RecipeViewController.m */; };
		CE1933EF1B6A389D002F4FCB /* ShowRecipeViewController.m in Sources */ = {isa = PBXBuildFile; fileRef = CE1933D41B6A389D002F4FCB /* ShowRecipeViewController.m */; };
		CE1933F01B6A389D002F4FCB /* SimpleTableViewCell.m in Sources */ = {isa = PBXBuildFile; fileRef = CE1933D61B6A389D002F4FCB /* SimpleTableViewCell.m */; };
		CE1933F11B6A389D002F4FCB /* skin.jpg in Resources */ = {isa = PBXBuildFile; fileRef = CE1933D71B6A389D002F4FCB /* skin.jpg */; };
		CE1933F21B6A389D002F4FCB /* TableCell.xib in Resources */ = {isa = PBXBuildFile; fileRef = CE1933D81B6A389D002F4FCB /* TableCell.xib */; };
		CE1933F61B6A38D0002F4FCB /* LaunchScreen.xib in Resources */ = {isa = PBXBuildFile; fileRef = CE1933F41B6A38D0002F4FCB /* LaunchScreen.xib */; };
		CE1934051B6A3C88002F4FCB /* CookBookApp.xcdatamodeld in Sources */ = {isa = PBXBuildFile; fileRef = CE1934031B6A3C88002F4FCB /* CookBookApp.xcdatamodeld */; };
		CE19340E1B6A3F26002F4FCB /* Desserts.png in Resources */ = {isa = PBXBuildFile; fileRef = CE1934081B6A3F26002F4FCB /* Desserts.png */; };
		CE19340F1B6A3F26002F4FCB /* Drinks.png in Resources */ = {isa = PBXBuildFile; fileRef = CE1934091B6A3F26002F4FCB /* Drinks.png */; };
		CE1934101B6A3F26002F4FCB /* First course.png in Resources */ = {isa = PBXBuildFile; fileRef = CE19340A1B6A3F26002F4FCB /* First course.png */; };
		CE1934111B6A3F26002F4FCB /* Other.png in Resources */ = {isa = PBXBuildFile; fileRef = CE19340B1B6A3F26002F4FCB /* Other.png */; };
		CE1934121B6A3F26002F4FCB /* Salads.png in Resources */ = {isa = PBXBuildFile; fileRef = CE19340C1B6A3F26002F4FCB /* Salads.png */; };
		CE1934131B6A3F26002F4FCB /* Main course.png in Resources */ = {isa = PBXBuildFile; fileRef = CE19340D1B6A3F26002F4FCB /* Main course.png */; };
		CE19341F1B6A4078002F4FCB /* about.png in Resources */ = {isa = PBXBuildFile; fileRef = CE1934151B6A4078002F4FCB /* about.png */; };
		CE1934201B6A4078002F4FCB /* edit.png in Resources */ = {isa = PBXBuildFile; fileRef = CE1934161B6A4078002F4FCB /* edit.png */; };
		CE1934211B6A4078002F4FCB /* trash.png in Resources */ = {isa = PBXBuildFile; fileRef = CE1934171B6A4078002F4FCB /* trash.png */; };
		CE1934221B6A4078002F4FCB /* ok.png in Resources */ = {isa = PBXBuildFile; fileRef = CE1934181B6A4078002F4FCB /* ok.png */; };
		CE1934231B6A4078002F4FCB /* cancel.png in Resources */ = {isa = PBXBuildFile; fileRef = CE1934191B6A4078002F4FCB /* cancel.png */; };
		CE1934241B6A4078002F4FCB /* like.png in Resources */ = {isa = PBXBuildFile; fileRef = CE19341A1B6A4078002F4FCB /* like.png */; };
		CE1934251B6A4078002F4FCB /* fav-add.png in Resources */ = {isa = PBXBuildFile; fileRef = CE19341B1B6A4078002F4FCB /* fav-add.png */; };
		CE1934261B6A4078002F4FCB /* fav-delete.png in Resources */ = {isa = PBXBuildFile; fileRef = CE19341C1B6A4078002F4FCB /* fav-delete.png */; };
		CE1934271B6A4078002F4FCB /* camera.png in Resources */ = {isa = PBXBuildFile; fileRef = CE19341D1B6A4078002F4FCB /* camera.png */; };
		CE1934281B6A4078002F4FCB /* Bookmark-25.png in Resources */ = {isa = PBXBuildFile; fileRef = CE19341E1B6A4078002F4FCB /* Bookmark-25.png */; };
		CE1934361B6A5353002F4FCB /* RecipeCategory.m in Sources */ = {isa = PBXBuildFile; fileRef = CE1934351B6A5353002F4FCB /* RecipeCategory.m */; };
		CE1934391B6A5354002F4FCB /* Recipe.m in Sources */ = {isa = PBXBuildFile; fileRef = CE1934381B6A5354002F4FCB /* Recipe.m */; };
		CE510B1D1B70D2DD00F4E95D /* CookBookAppData.sqlite in Resources */ = {isa = PBXBuildFile; fileRef = CE510B1C1B70D2DD00F4E95D /* CookBookAppData.sqlite */; };
		CE510B251B72440700F4E95D /* Main.storyboard in Resources */ = {isa = PBXBuildFile; fileRef = CE510B241B72440700F4E95D /* Main.storyboard */; };
		CE510B271B726D0000F4E95D /* delphi.png in Resources */ = {isa = PBXBuildFile; fileRef = CE510B261B726D0000F4E95D /* delphi.png */; };
		CE510B2A1B734EB300F4E95D /* PathManager.m in Sources */ = {isa = PBXBuildFile; fileRef = CE510B291B734EB300F4E95D /* PathManager.m */; };
		CE510B2C1B735EB100F4E95D /* delphi_logo_blue_cropped.png in Resources */ = {isa = PBXBuildFile; fileRef = CE510B2B1B735EB100F4E95D /* delphi_logo_blue_cropped.png */; };
		CE510B2F1B736D0D00F4E95D /* AboutViewController.m in Sources */ = {isa = PBXBuildFile; fileRef = CE510B2E1B736D0D00F4E95D /* AboutViewController.m */; };
		CE8C542A1C20182E00FB5BC8 /* img_1D3CE5A8-F6ED-4F33-8B60-476B56E389A1.png in Resources */ = {isa = PBXBuildFile; fileRef = CE8C541A1C20182E00FB5BC8 /* img_1D3CE5A8-F6ED-4F33-8B60-476B56E389A1.png */; };
		CE8C542B1C20182E00FB5BC8 /* img_2FDB0A89-F3E9-49EE-8C65-B58578E32133.png in Resources */ = {isa = PBXBuildFile; fileRef = CE8C541B1C20182E00FB5BC8 /* img_2FDB0A89-F3E9-49EE-8C65-B58578E32133.png */; };
		CE8C542C1C20182E00FB5BC8 /* img_003C192E-039C-4836-B430-FAC1F200A63F.png in Resources */ = {isa = PBXBuildFile; fileRef = CE8C541C1C20182E00FB5BC8 /* img_003C192E-039C-4836-B430-FAC1F200A63F.png */; };
		CE8C542D1C20182E00FB5BC8 /* img_5D93D2CC-4FCD-4997-9380-5726452D7221.png in Resources */ = {isa = PBXBuildFile; fileRef = CE8C541D1C20182E00FB5BC8 /* img_5D93D2CC-4FCD-4997-9380-5726452D7221.png */; };
		CE8C542E1C20182E00FB5BC8 /* img_7D367EFC-E7AA-4135-890A-DCBF0DEC417A.png in Resources */ = {isa = PBXBuildFile; fileRef = CE8C541E1C20182E00FB5BC8 /* img_7D367EFC-E7AA-4135-890A-DCBF0DEC417A.png */; };
		CE8C542F1C20182E00FB5BC8 /* img_8D9D1BFB-6391-464F-A839-479D8FC9F109.png in Resources */ = {isa = PBXBuildFile; fileRef = CE8C541F1C20182E00FB5BC8 /* img_8D9D1BFB-6391-464F-A839-479D8FC9F109.png */; };
		CE8C54301C20182E00FB5BC8 /* img_31A7812C-B874-4858-B21F-F1BE1123B941.png in Resources */ = {isa = PBXBuildFile; fileRef = CE8C54201C20182E00FB5BC8 /* img_31A7812C-B874-4858-B21F-F1BE1123B941.png */; };
		CE8C54311C20182E00FB5BC8 /* img_60BCB692-DBDC-41B2-A851-A1377EEEEB8F.png in Resources */ = {isa = PBXBuildFile; fileRef = CE8C54211C20182E00FB5BC8 /* img_60BCB692-DBDC-41B2-A851-A1377EEEEB8F.png */; };
		CE8C54321C20182E00FB5BC8 /* img_62EB41D8-3947-4728-AD6A-89375C0AFC9D.png in Resources */ = {isa = PBXBuildFile; fileRef = CE8C54221C20182E00FB5BC8 /* img_62EB41D8-3947-4728-AD6A-89375C0AFC9D.png */; };
		CE8C54331C20182E00FB5BC8 /* img_677AE7B3-C9A0-4A5B-B3D0-5A0F720BD029.png in Resources */ = {isa = PBXBuildFile; fileRef = CE8C54231C20182E00FB5BC8 /* img_677AE7B3-C9A0-4A5B-B3D0-5A0F720BD029.png */; };
		CE8C54341C20182E00FB5BC8 /* img_996CA17B-157D-422B-BA9F-E09DE3E87639.png in Resources */ = {isa = PBXBuildFile; fileRef = CE8C54241C20182E00FB5BC8 /* img_996CA17B-157D-422B-BA9F-E09DE3E87639.png */; };
		CE8C54351C20182E00FB5BC8 /* img_88431824-D3B5-4EEA-9173-2333BEA8DE25.png in Resources */ = {isa = PBXBuildFile; fileRef = CE8C54251C20182E00FB5BC8 /* img_88431824-D3B5-4EEA-9173-2333BEA8DE25.png */; };
		CE8C54361C20182E00FB5BC8 /* img_A8F3319C-0445-41BD-A4EF-CE7211F1C253.png in Resources */ = {isa = PBXBuildFile; fileRef = CE8C54261C20182E00FB5BC8 /* img_A8F3319C-0445-41BD-A4EF-CE7211F1C253.png */; };
		CE8C54371C20182E00FB5BC8 /* img_A58C31C6-59B7-40AD-A0A7-7F3CDA039EAE.png in Resources */ = {isa = PBXBuildFile; fileRef = CE8C54271C20182E00FB5BC8 /* img_A58C31C6-59B7-40AD-A0A7-7F3CDA039EAE.png */; };
		CE8C54381C20182E00FB5BC8 /* img_A97B104F-DAF3-4976-9371-7856651C4B70.png in Resources */ = {isa = PBXBuildFile; fileRef = CE8C54281C20182E00FB5BC8 /* img_A97B104F-DAF3-4976-9371-7856651C4B70.png */; };
		CE8C54391C20182E00FB5BC8 /* img_CB31219E-8189-456D-8938-3FCB7F6804D2.png in Resources */ = {isa = PBXBuildFile; fileRef = CE8C54291C20182E00FB5BC8 /* img_CB31219E-8189-456D-8938-3FCB7F6804D2.png */; };
		CEA7F3741BD653C30088BA4C /* loading-placeholder.png in Resources */ = {isa = PBXBuildFile; fileRef = CEA7F3731BD653C30088BA4C /* loading-placeholder.png */; };
		CEB51B141BF1F14B00F091CE /* Localizable.strings in Resources */ = {isa = PBXBuildFile; fileRef = CEB51B131BF1F14B00F091CE /* Localizable.strings */; };
		CEB51B171BF230A900F091CE /* Localizable.strings in Resources */ = {isa = PBXBuildFile; fileRef = CEB51B191BF230A900F091CE /* Localizable.strings */; };
		CEE134B71B6B7EEE00FD7E10 /* defaultCellImage.png in Resources */ = {isa = PBXBuildFile; fileRef = CEE134B61B6B7EEE00FD7E10 /* defaultCellImage.png */; };
		CEE134BD1B6BBC9300FD7E10 /* AboutTableViewController.m in Sources */ = {isa = PBXBuildFile; fileRef = CEE134BC1B6BBC9300FD7E10 /* AboutTableViewController.m */; };
		CEE134BF1B6F5AF700FD7E10 /* trash.png in Resources */ = {isa = PBXBuildFile; fileRef = CEE134BE1B6F5AF700FD7E10 /* trash.png */; };
		CEEDCE6A1B7B978B00C44D4E /* ImageZoomView.m in Sources */ = {isa = PBXBuildFile; fileRef = CEEDCE691B7B978B00C44D4E /* ImageZoomView.m */; };
/* End PBXBuildFile section */

/* Begin PBXContainerItemProxy section */
		CE1933A51B6A37EF002F4FCB /* PBXContainerItemProxy */ = {
			isa = PBXContainerItemProxy;
			containerPortal = CE1933801B6A37EF002F4FCB /* Project object */;
			proxyType = 1;
			remoteGlobalIDString = CE1933871B6A37EF002F4FCB;
			remoteInfo = CookBookApp;
		};
/* End PBXContainerItemProxy section */

/* Begin PBXFileReference section */
		230B5FB9A5AFCB87B371E68E /* Pods-CookBookApp.debug.xcconfig */ = {isa = PBXFileReference; includeInIndex = 1; lastKnownFileType = text.xcconfig; name = "Pods-CookBookApp.debug.xcconfig"; path = "Pods/Target Support Files/Pods-CookBookApp/Pods-CookBookApp.debug.xcconfig"; sourceTree = "<group>"; };
		51EC9C7A589CD7E103FFA988 /* libPods-CookBookApp.a */ = {isa = PBXFileReference; explicitFileType = archive.ar; includeInIndex = 0; path = "libPods-CookBookApp.a"; sourceTree = BUILT_PRODUCTS_DIR; };
		79F61346E12922D7846BCA82 /* Pods-CookBookApp.release.xcconfig */ = {isa = PBXFileReference; includeInIndex = 1; lastKnownFileType = text.xcconfig; name = "Pods-CookBookApp.release.xcconfig"; path = "Pods/Target Support Files/Pods-CookBookApp/Pods-CookBookApp.release.xcconfig"; sourceTree = "<group>"; };
		CE0FC8031B821ADA00BA9C78 /* FTWCache.h */ = {isa = PBXFileReference; fileEncoding = 4; lastKnownFileType = sourcecode.c.h; path = FTWCache.h; sourceTree = "<group>"; };
		CE0FC8041B821ADA00BA9C78 /* FTWCache.m */ = {isa = PBXFileReference; fileEncoding = 4; lastKnownFileType = sourcecode.c.objc; path = FTWCache.m; sourceTree = "<group>"; };
		CE0FC8051B821ADA00BA9C78 /* NSString+MD5.h */ = {isa = PBXFileReference; fileEncoding = 4; lastKnownFileType = sourcecode.c.h; path = "NSString+MD5.h"; sourceTree = "<group>"; };
		CE0FC8061B821ADA00BA9C78 /* NSString+MD5.m */ = {isa = PBXFileReference; fileEncoding = 4; lastKnownFileType = sourcecode.c.objc; path = "NSString+MD5.m"; sourceTree = "<group>"; };
		CE0FC8091B82265000BA9C78 /* UIImageView+Network.h */ = {isa = PBXFileReference; fileEncoding = 4; lastKnownFileType = sourcecode.c.h; path = "UIImageView+Network.h"; sourceTree = "<group>"; };
		CE0FC80A1B82265000BA9C78 /* UIImageView+Network.m */ = {isa = PBXFileReference; fileEncoding = 4; lastKnownFileType = sourcecode.c.objc; path = "UIImageView+Network.m"; sourceTree = "<group>"; };
		CE1933881B6A37EF002F4FCB /* CookBookApp.app */ = {isa = PBXFileReference; explicitFileType = wrapper.application; includeInIndex = 0; path = CookBookApp.app; sourceTree = BUILT_PRODUCTS_DIR; };
		CE19338C1B6A37EF002F4FCB /* Info.plist */ = {isa = PBXFileReference; lastKnownFileType = text.plist.xml; path = Info.plist; sourceTree = "<group>"; };
		CE19338D1B6A37EF002F4FCB /* main.m */ = {isa = PBXFileReference; lastKnownFileType = sourcecode.c.objc; path = main.m; sourceTree = "<group>"; };
		CE19338F1B6A37EF002F4FCB /* AppDelegate.h */ = {isa = PBXFileReference; lastKnownFileType = sourcecode.c.h; path = AppDelegate.h; sourceTree = "<group>"; };
		CE1933901B6A37EF002F4FCB /* AppDelegate.m */ = {isa = PBXFileReference; lastKnownFileType = sourcecode.c.objc; path = AppDelegate.m; sourceTree = "<group>"; };
		CE1933951B6A37EF002F4FCB /* ViewController.h */ = {isa = PBXFileReference; lastKnownFileType = sourcecode.c.h; path = ViewController.h; sourceTree = "<group>"; };
		CE1933961B6A37EF002F4FCB /* ViewController.m */ = {isa = PBXFileReference; lastKnownFileType = sourcecode.c.objc; path = ViewController.m; sourceTree = "<group>"; };
		CE19339B1B6A37EF002F4FCB /* Images.xcassets */ = {isa = PBXFileReference; lastKnownFileType = folder.assetcatalog; path = Images.xcassets; sourceTree = "<group>"; };
		CE1933A41B6A37EF002F4FCB /* CookBookAppTests.xctest */ = {isa = PBXFileReference; explicitFileType = wrapper.cfbundle; includeInIndex = 0; path = CookBookAppTests.xctest; sourceTree = BUILT_PRODUCTS_DIR; };
		CE1933A91B6A37EF002F4FCB /* Info.plist */ = {isa = PBXFileReference; lastKnownFileType = text.plist.xml; path = Info.plist; sourceTree = "<group>"; };
		CE1933AA1B6A37EF002F4FCB /* CookBookAppTests.m */ = {isa = PBXFileReference; lastKnownFileType = sourcecode.c.objc; path = CookBookAppTests.m; sourceTree = "<group>"; };
		CE1933B71B6A389D002F4FCB /* AddRecipeViewController.h */ = {isa = PBXFileReference; fileEncoding = 4; lastKnownFileType = sourcecode.c.h; path = AddRecipeViewController.h; sourceTree = "<group>"; };
		CE1933B81B6A389D002F4FCB /* AddRecipeViewController.m */ = {isa = PBXFileReference; fileEncoding = 4; lastKnownFileType = sourcecode.c.objc; path = AddRecipeViewController.m; sourceTree = "<group>"; };
		CE1933B91B6A389D002F4FCB /* AllRecipesTableViewController.h */ = {isa = PBXFileReference; fileEncoding = 4; lastKnownFileType = sourcecode.c.h; path = AllRecipesTableViewController.h; sourceTree = "<group>"; };
		CE1933BA1B6A389D002F4FCB /* AllRecipesTableViewController.m */ = {isa = PBXFileReference; fileEncoding = 4; lastKnownFileType = sourcecode.c.objc; path = AllRecipesTableViewController.m; sourceTree = "<group>"; };
		CE1933BE1B6A389D002F4FCB /* Categories.json */ = {isa = PBXFileReference; fileEncoding = 4; lastKnownFileType = text.json; path = Categories.json; sourceTree = "<group>"; };
		CE1933BF1B6A389D002F4FCB /* CategoriesTableViewCell.h */ = {isa = PBXFileReference; fileEncoding = 4; lastKnownFileType = sourcecode.c.h; path = CategoriesTableViewCell.h; sourceTree = "<group>"; };
		CE1933C01B6A389D002F4FCB /* CategoriesTableViewCell.m */ = {isa = PBXFileReference; fileEncoding = 4; lastKnownFileType = sourcecode.c.objc; path = CategoriesTableViewCell.m; sourceTree = "<group>"; };
		CE1933C11B6A389D002F4FCB /* CategoriesTableViewController.h */ = {isa = PBXFileReference; fileEncoding = 4; lastKnownFileType = sourcecode.c.h; path = CategoriesTableViewController.h; sourceTree = "<group>"; };
		CE1933C21B6A389D002F4FCB /* CategoriesTableViewController.m */ = {isa = PBXFileReference; fileEncoding = 4; lastKnownFileType = sourcecode.c.objc; path = CategoriesTableViewController.m; sourceTree = "<group>"; };
		CE1933C31B6A389D002F4FCB /* defaultImage.jpg */ = {isa = PBXFileReference; lastKnownFileType = image.jpeg; path = defaultImage.jpg; sourceTree = "<group>"; };
		CE1933C61B6A389D002F4FCB /* FavouriteRecipesTableViewController.h */ = {isa = PBXFileReference; fileEncoding = 4; lastKnownFileType = sourcecode.c.h; path = FavouriteRecipesTableViewController.h; sourceTree = "<group>"; };
		CE1933C71B6A389D002F4FCB /* FavouriteRecipesTableViewController.m */ = {isa = PBXFileReference; fileEncoding = 4; lastKnownFileType = sourcecode.c.objc; path = FavouriteRecipesTableViewController.m; sourceTree = "<group>"; };
		CE1933C81B6A389D002F4FCB /* ImageProcessor.h */ = {isa = PBXFileReference; fileEncoding = 4; lastKnownFileType = sourcecode.c.h; path = ImageProcessor.h; sourceTree = "<group>"; };
		CE1933C91B6A389D002F4FCB /* ImageProcessor.m */ = {isa = PBXFileReference; fileEncoding = 4; lastKnownFileType = sourcecode.c.objc; path = ImageProcessor.m; sourceTree = "<group>"; };
		CE1933CB1B6A389D002F4FCB /* Notebook-Recipe-icon.png */ = {isa = PBXFileReference; lastKnownFileType = image.png; path = "Notebook-Recipe-icon.png"; sourceTree = "<group>"; };
		CE1933CD1B6A389D002F4FCB /* Plus.png */ = {isa = PBXFileReference; lastKnownFileType = image.png; path = Plus.png; sourceTree = "<group>"; };
		CE1933CE1B6A389D002F4FCB /* Recipes.json */ = {isa = PBXFileReference; fileEncoding = 4; lastKnownFileType = text.json; path = Recipes.json; sourceTree = "<group>"; };
		CE1933CF1B6A389D002F4FCB /* RecipesTableViewController.h */ = {isa = PBXFileReference; fileEncoding = 4; lastKnownFileType = sourcecode.c.h; path = RecipesTableViewController.h; sourceTree = "<group>"; };
		CE1933D01B6A389D002F4FCB /* RecipesTableViewController.m */ = {isa = PBXFileReference; fileEncoding = 4; lastKnownFileType = sourcecode.c.objc; path = RecipesTableViewController.m; sourceTree = "<group>"; };
		CE1933D11B6A389D002F4FCB /* RecipeViewController.h */ = {isa = PBXFileReference; fileEncoding = 4; lastKnownFileType = sourcecode.c.h; path = RecipeViewController.h; sourceTree = "<group>"; };
		CE1933D21B6A389D002F4FCB /* RecipeViewController.m */ = {isa = PBXFileReference; fileEncoding = 4; lastKnownFileType = sourcecode.c.objc; path = RecipeViewController.m; sourceTree = "<group>"; };
		CE1933D31B6A389D002F4FCB /* ShowRecipeViewController.h */ = {isa = PBXFileReference; fileEncoding = 4; lastKnownFileType = sourcecode.c.h; path = ShowRecipeViewController.h; sourceTree = "<group>"; };
		CE1933D41B6A389D002F4FCB /* ShowRecipeViewController.m */ = {isa = PBXFileReference; fileEncoding = 4; lastKnownFileType = sourcecode.c.objc; path = ShowRecipeViewController.m; sourceTree = "<group>"; };
		CE1933D51B6A389D002F4FCB /* SimpleTableViewCell.h */ = {isa = PBXFileReference; fileEncoding = 4; lastKnownFileType = sourcecode.c.h; path = SimpleTableViewCell.h; sourceTree = "<group>"; };
		CE1933D61B6A389D002F4FCB /* SimpleTableViewCell.m */ = {isa = PBXFileReference; fileEncoding = 4; lastKnownFileType = sourcecode.c.objc; path = SimpleTableViewCell.m; sourceTree = "<group>"; };
		CE1933D71B6A389D002F4FCB /* skin.jpg */ = {isa = PBXFileReference; lastKnownFileType = image.jpeg; path = skin.jpg; sourceTree = "<group>"; };
		CE1933D81B6A389D002F4FCB /* TableCell.xib */ = {isa = PBXFileReference; fileEncoding = 4; lastKnownFileType = file.xib; path = TableCell.xib; sourceTree = "<group>"; };
		CE1933F41B6A38D0002F4FCB /* LaunchScreen.xib */ = {isa = PBXFileReference; fileEncoding = 4; lastKnownFileType = file.xib; name = LaunchScreen.xib; path = ../LaunchScreen.xib; sourceTree = "<group>"; };
		CE1934041B6A3C88002F4FCB /* CookBookApp.xcdatamodel */ = {isa = PBXFileReference; lastKnownFileType = wrapper.xcdatamodel; path = CookBookApp.xcdatamodel; sourceTree = "<group>"; };
		CE1934081B6A3F26002F4FCB /* Desserts.png */ = {isa = PBXFileReference; lastKnownFileType = image.png; path = Desserts.png; sourceTree = "<group>"; };
		CE1934091B6A3F26002F4FCB /* Drinks.png */ = {isa = PBXFileReference; lastKnownFileType = image.png; path = Drinks.png; sourceTree = "<group>"; };
		CE19340A1B6A3F26002F4FCB /* First course.png */ = {isa = PBXFileReference; lastKnownFileType = image.png; path = "First course.png"; sourceTree = "<group>"; };
		CE19340B1B6A3F26002F4FCB /* Other.png */ = {isa = PBXFileReference; lastKnownFileType = image.png; path = Other.png; sourceTree = "<group>"; };
		CE19340C1B6A3F26002F4FCB /* Salads.png */ = {isa = PBXFileReference; lastKnownFileType = image.png; path = Salads.png; sourceTree = "<group>"; };
		CE19340D1B6A3F26002F4FCB /* Main course.png */ = {isa = PBXFileReference; lastKnownFileType = image.png; path = "Main course.png"; sourceTree = "<group>"; };
		CE1934151B6A4078002F4FCB /* about.png */ = {isa = PBXFileReference; lastKnownFileType = image.png; path = about.png; sourceTree = "<group>"; };
		CE1934161B6A4078002F4FCB /* edit.png */ = {isa = PBXFileReference; lastKnownFileType = image.png; path = edit.png; sourceTree = "<group>"; };
		CE1934171B6A4078002F4FCB /* trash.png */ = {isa = PBXFileReference; lastKnownFileType = image.png; path = trash.png; sourceTree = "<group>"; };
		CE1934181B6A4078002F4FCB /* ok.png */ = {isa = PBXFileReference; lastKnownFileType = image.png; path = ok.png; sourceTree = "<group>"; };
		CE1934191B6A4078002F4FCB /* cancel.png */ = {isa = PBXFileReference; lastKnownFileType = image.png; path = cancel.png; sourceTree = "<group>"; };
		CE19341A1B6A4078002F4FCB /* like.png */ = {isa = PBXFileReference; lastKnownFileType = image.png; path = like.png; sourceTree = "<group>"; };
		CE19341B1B6A4078002F4FCB /* fav-add.png */ = {isa = PBXFileReference; lastKnownFileType = image.png; path = "fav-add.png"; sourceTree = "<group>"; };
		CE19341C1B6A4078002F4FCB /* fav-delete.png */ = {isa = PBXFileReference; lastKnownFileType = image.png; path = "fav-delete.png"; sourceTree = "<group>"; };
		CE19341D1B6A4078002F4FCB /* camera.png */ = {isa = PBXFileReference; lastKnownFileType = image.png; path = camera.png; sourceTree = "<group>"; };
		CE19341E1B6A4078002F4FCB /* Bookmark-25.png */ = {isa = PBXFileReference; lastKnownFileType = image.png; path = "Bookmark-25.png"; sourceTree = "<group>"; };
		CE1934341B6A5353002F4FCB /* RecipeCategory.h */ = {isa = PBXFileReference; fileEncoding = 4; lastKnownFileType = sourcecode.c.h; path = RecipeCategory.h; sourceTree = "<group>"; };
		CE1934351B6A5353002F4FCB /* RecipeCategory.m */ = {isa = PBXFileReference; fileEncoding = 4; lastKnownFileType = sourcecode.c.objc; path = RecipeCategory.m; sourceTree = "<group>"; };
		CE1934371B6A5354002F4FCB /* Recipe.h */ = {isa = PBXFileReference; fileEncoding = 4; lastKnownFileType = sourcecode.c.h; path = Recipe.h; sourceTree = "<group>"; };
		CE1934381B6A5354002F4FCB /* Recipe.m */ = {isa = PBXFileReference; fileEncoding = 4; lastKnownFileType = sourcecode.c.objc; path = Recipe.m; sourceTree = "<group>"; };
		CE510ADA1B70B2FD00F4E95D /* CookBookApp 2.xcdatamodel */ = {isa = PBXFileReference; lastKnownFileType = wrapper.xcdatamodel; path = "CookBookApp 2.xcdatamodel"; sourceTree = "<group>"; };
		CE510ADB1B70BE6D00F4E95D /* CookBookApp 3.xcdatamodel */ = {isa = PBXFileReference; lastKnownFileType = wrapper.xcdatamodel; path = "CookBookApp 3.xcdatamodel"; sourceTree = "<group>"; };
		CE510B1C1B70D2DD00F4E95D /* CookBookAppData.sqlite */ = {isa = PBXFileReference; lastKnownFileType = file; path = CookBookAppData.sqlite; sourceTree = "<group>"; };
		CE510B241B72440700F4E95D /* Main.storyboard */ = {isa = PBXFileReference; fileEncoding = 4; lastKnownFileType = file.storyboard; path = Main.storyboard; sourceTree = "<group>"; };
		CE510B261B726D0000F4E95D /* delphi.png */ = {isa = PBXFileReference; lastKnownFileType = image.png; path = delphi.png; sourceTree = "<group>"; };
		CE510B281B734EB300F4E95D /* PathManager.h */ = {isa = PBXFileReference; fileEncoding = 4; lastKnownFileType = sourcecode.c.h; path = PathManager.h; sourceTree = "<group>"; };
		CE510B291B734EB300F4E95D /* PathManager.m */ = {isa = PBXFileReference; fileEncoding = 4; lastKnownFileType = sourcecode.c.objc; path = PathManager.m; sourceTree = "<group>"; };
		CE510B2B1B735EB100F4E95D /* delphi_logo_blue_cropped.png */ = {isa = PBXFileReference; lastKnownFileType = image.png; path = delphi_logo_blue_cropped.png; sourceTree = "<group>"; };
		CE510B2D1B736D0D00F4E95D /* AboutViewController.h */ = {isa = PBXFileReference; fileEncoding = 4; lastKnownFileType = sourcecode.c.h; path = AboutViewController.h; sourceTree = "<group>"; };
		CE510B2E1B736D0D00F4E95D /* AboutViewController.m */ = {isa = PBXFileReference; fileEncoding = 4; lastKnownFileType = sourcecode.c.objc; path = AboutViewController.m; sourceTree = "<group>"; };
		CE8C541A1C20182E00FB5BC8 /* img_1D3CE5A8-F6ED-4F33-8B60-476B56E389A1.png */ = {isa = PBXFileReference; lastKnownFileType = image.png; path = "img_1D3CE5A8-F6ED-4F33-8B60-476B56E389A1.png"; sourceTree = "<group>"; };
		CE8C541B1C20182E00FB5BC8 /* img_2FDB0A89-F3E9-49EE-8C65-B58578E32133.png */ = {isa = PBXFileReference; lastKnownFileType = image.png; path = "img_2FDB0A89-F3E9-49EE-8C65-B58578E32133.png"; sourceTree = "<group>"; };
		CE8C541C1C20182E00FB5BC8 /* img_003C192E-039C-4836-B430-FAC1F200A63F.png */ = {isa = PBXFileReference; lastKnownFileType = image.png; path = "img_003C192E-039C-4836-B430-FAC1F200A63F.png"; sourceTree = "<group>"; };
		CE8C541D1C20182E00FB5BC8 /* img_5D93D2CC-4FCD-4997-9380-5726452D7221.png */ = {isa = PBXFileReference; lastKnownFileType = image.png; path = "img_5D93D2CC-4FCD-4997-9380-5726452D7221.png"; sourceTree = "<group>"; };
		CE8C541E1C20182E00FB5BC8 /* img_7D367EFC-E7AA-4135-890A-DCBF0DEC417A.png */ = {isa = PBXFileReference; lastKnownFileType = image.png; path = "img_7D367EFC-E7AA-4135-890A-DCBF0DEC417A.png"; sourceTree = "<group>"; };
		CE8C541F1C20182E00FB5BC8 /* img_8D9D1BFB-6391-464F-A839-479D8FC9F109.png */ = {isa = PBXFileReference; lastKnownFileType = image.png; path = "img_8D9D1BFB-6391-464F-A839-479D8FC9F109.png"; sourceTree = "<group>"; };
		CE8C54201C20182E00FB5BC8 /* img_31A7812C-B874-4858-B21F-F1BE1123B941.png */ = {isa = PBXFileReference; lastKnownFileType = image.png; path = "img_31A7812C-B874-4858-B21F-F1BE1123B941.png"; sourceTree = "<group>"; };
		CE8C54211C20182E00FB5BC8 /* img_60BCB692-DBDC-41B2-A851-A1377EEEEB8F.png */ = {isa = PBXFileReference; lastKnownFileType = image.png; path = "img_60BCB692-DBDC-41B2-A851-A1377EEEEB8F.png"; sourceTree = "<group>"; };
		CE8C54221C20182E00FB5BC8 /* img_62EB41D8-3947-4728-AD6A-89375C0AFC9D.png */ = {isa = PBXFileReference; lastKnownFileType = image.png; path = "img_62EB41D8-3947-4728-AD6A-89375C0AFC9D.png"; sourceTree = "<group>"; };
		CE8C54231C20182E00FB5BC8 /* img_677AE7B3-C9A0-4A5B-B3D0-5A0F720BD029.png */ = {isa = PBXFileReference; lastKnownFileType = image.png; path = "img_677AE7B3-C9A0-4A5B-B3D0-5A0F720BD029.png"; sourceTree = "<group>"; };
		CE8C54241C20182E00FB5BC8 /* img_996CA17B-157D-422B-BA9F-E09DE3E87639.png */ = {isa = PBXFileReference; lastKnownFileType = image.png; path = "img_996CA17B-157D-422B-BA9F-E09DE3E87639.png"; sourceTree = "<group>"; };
		CE8C54251C20182E00FB5BC8 /* img_88431824-D3B5-4EEA-9173-2333BEA8DE25.png */ = {isa = PBXFileReference; lastKnownFileType = image.png; path = "img_88431824-D3B5-4EEA-9173-2333BEA8DE25.png"; sourceTree = "<group>"; };
		CE8C54261C20182E00FB5BC8 /* img_A8F3319C-0445-41BD-A4EF-CE7211F1C253.png */ = {isa = PBXFileReference; lastKnownFileType = image.png; path = "img_A8F3319C-0445-41BD-A4EF-CE7211F1C253.png"; sourceTree = "<group>"; };
		CE8C54271C20182E00FB5BC8 /* img_A58C31C6-59B7-40AD-A0A7-7F3CDA039EAE.png */ = {isa = PBXFileReference; lastKnownFileType = image.png; path = "img_A58C31C6-59B7-40AD-A0A7-7F3CDA039EAE.png"; sourceTree = "<group>"; };
		CE8C54281C20182E00FB5BC8 /* img_A97B104F-DAF3-4976-9371-7856651C4B70.png */ = {isa = PBXFileReference; lastKnownFileType = image.png; path = "img_A97B104F-DAF3-4976-9371-7856651C4B70.png"; sourceTree = "<group>"; };
		CE8C54291C20182E00FB5BC8 /* img_CB31219E-8189-456D-8938-3FCB7F6804D2.png */ = {isa = PBXFileReference; lastKnownFileType = image.png; path = "img_CB31219E-8189-456D-8938-3FCB7F6804D2.png"; sourceTree = "<group>"; };
		CEA7F3731BD653C30088BA4C /* loading-placeholder.png */ = {isa = PBXFileReference; lastKnownFileType = image.png; path = "loading-placeholder.png"; sourceTree = "<group>"; };
		CEB51B131BF1F14B00F091CE /* Localizable.strings */ = {isa = PBXFileReference; fileEncoding = 4; lastKnownFileType = text.plist.strings; path = Localizable.strings; sourceTree = "<group>"; };
		CEB51B181BF230A900F091CE /* en */ = {isa = PBXFileReference; lastKnownFileType = text.plist.strings; name = en; path = en.lproj/Localizable.strings; sourceTree = "<group>"; };
		CEB51B1A1BF230BA00F091CE /* Base */ = {isa = PBXFileReference; lastKnownFileType = text.plist.strings; name = Base; path = Base.lproj/Localizable.strings; sourceTree = "<group>"; };
		CEB51B1B1BF230D300F091CE /* ru */ = {isa = PBXFileReference; lastKnownFileType = text.plist.strings; name = ru; path = ru.lproj/Localizable.strings; sourceTree = "<group>"; };
		CEB51B1C1BF230DE00F091CE /* uk */ = {isa = PBXFileReference; lastKnownFileType = text.plist.strings; name = uk; path = uk.lproj/Localizable.strings; sourceTree = "<group>"; };
		CEE134B61B6B7EEE00FD7E10 /* defaultCellImage.png */ = {isa = PBXFileReference; lastKnownFileType = image.png; path = defaultCellImage.png; sourceTree = "<group>"; };
		CEE134BB1B6BBC9300FD7E10 /* AboutTableViewController.h */ = {isa = PBXFileReference; fileEncoding = 4; lastKnownFileType = sourcecode.c.h; path = AboutTableViewController.h; sourceTree = "<group>"; };
		CEE134BC1B6BBC9300FD7E10 /* AboutTableViewController.m */ = {isa = PBXFileReference; fileEncoding = 4; lastKnownFileType = sourcecode.c.objc; path = AboutTableViewController.m; sourceTree = "<group>"; };
		CEE134BE1B6F5AF700FD7E10 /* trash.png */ = {isa = PBXFileReference; lastKnownFileType = image.png; path = trash.png; sourceTree = "<group>"; };
		CEEDCE681B7B978B00C44D4E /* ImageZoomView.h */ = {isa = PBXFileReference; fileEncoding = 4; lastKnownFileType = sourcecode.c.h; path = ImageZoomView.h; sourceTree = "<group>"; };
		CEEDCE691B7B978B00C44D4E /* ImageZoomView.m */ = {isa = PBXFileReference; fileEncoding = 4; lastKnownFileType = sourcecode.c.objc; path = ImageZoomView.m; sourceTree = "<group>"; };
/* End PBXFileReference section */

/* Begin PBXFrameworksBuildPhase section */
		CE1933851B6A37EF002F4FCB /* Frameworks */ = {
			isa = PBXFrameworksBuildPhase;
			buildActionMask = 2147483647;
			files = (
				8A8827EBA84B47EB1F453F74 /* libPods-CookBookApp.a in Frameworks */,
			);
			runOnlyForDeploymentPostprocessing = 0;
		};
		CE1933A11B6A37EF002F4FCB /* Frameworks */ = {
			isa = PBXFrameworksBuildPhase;
			buildActionMask = 2147483647;
			files = (
			);
			runOnlyForDeploymentPostprocessing = 0;
		};
/* End PBXFrameworksBuildPhase section */

/* Begin PBXGroup section */
		98409F2754EED2588B77BB17 /* Pods */ = {
			isa = PBXGroup;
			children = (
				230B5FB9A5AFCB87B371E68E /* Pods-CookBookApp.debug.xcconfig */,
				79F61346E12922D7846BCA82 /* Pods-CookBookApp.release.xcconfig */,
			);
			name = Pods;
			sourceTree = "<group>";
		};
		CE19337F1B6A37EF002F4FCB = {
			isa = PBXGroup;
			children = (
				CEB51B191BF230A900F091CE /* Localizable.strings */,
				CE510B1C1B70D2DD00F4E95D /* CookBookAppData.sqlite */,
				CE19338A1B6A37EF002F4FCB /* CookBookApp */,
				CE1933A71B6A37EF002F4FCB /* CookBookAppTests */,
				CE1933891B6A37EF002F4FCB /* Products */,
				98409F2754EED2588B77BB17 /* Pods */,
				EB9794E362A375FE778DF8A9 /* Frameworks */,
			);
			sourceTree = "<group>";
		};
		CE1933891B6A37EF002F4FCB /* Products */ = {
			isa = PBXGroup;
			children = (
				CE1933881B6A37EF002F4FCB /* CookBookApp.app */,
				CE1933A41B6A37EF002F4FCB /* CookBookAppTests.xctest */,
			);
			name = Products;
			sourceTree = "<group>";
		};
		CE19338A1B6A37EF002F4FCB /* CookBookApp */ = {
			isa = PBXGroup;
			children = (
				CE19342A1B6A40F3002F4FCB /* ViewControllers */,
				CE1934291B6A40C4002F4FCB /* CoreDataFiles */,
				CE1933C81B6A389D002F4FCB /* ImageProcessor.h */,
				CE1933C91B6A389D002F4FCB /* ImageProcessor.m */,
				CEEDCE681B7B978B00C44D4E /* ImageZoomView.h */,
				CEEDCE691B7B978B00C44D4E /* ImageZoomView.m */,
				CE0FC8031B821ADA00BA9C78 /* FTWCache.h */,
				CE0FC8041B821ADA00BA9C78 /* FTWCache.m */,
				CE0FC8091B82265000BA9C78 /* UIImageView+Network.h */,
				CE0FC80A1B82265000BA9C78 /* UIImageView+Network.m */,
				CE0FC8051B821ADA00BA9C78 /* NSString+MD5.h */,
				CE0FC8061B821ADA00BA9C78 /* NSString+MD5.m */,
				CE510B281B734EB300F4E95D /* PathManager.h */,
				CE510B291B734EB300F4E95D /* PathManager.m */,
				CE19338F1B6A37EF002F4FCB /* AppDelegate.h */,
				CE1933901B6A37EF002F4FCB /* AppDelegate.m */,
				CE1933951B6A37EF002F4FCB /* ViewController.h */,
				CE1933961B6A37EF002F4FCB /* ViewController.m */,
				CE19339B1B6A37EF002F4FCB /* Images.xcassets */,
				CE19338B1B6A37EF002F4FCB /* Supporting Files */,
			);
			path = CookBookApp;
			sourceTree = "<group>";
		};
		CE19338B1B6A37EF002F4FCB /* Supporting Files */ = {
			isa = PBXGroup;
			children = (
				CEB51B131BF1F14B00F091CE /* Localizable.strings */,
				CE1934061B6A3EB3002F4FCB /* Images */,
				CE1934031B6A3C88002F4FCB /* CookBookApp.xcdatamodeld */,
				CE1933D81B6A389D002F4FCB /* TableCell.xib */,
				CE1933F41B6A38D0002F4FCB /* LaunchScreen.xib */,
				CE510B241B72440700F4E95D /* Main.storyboard */,
				CE19338C1B6A37EF002F4FCB /* Info.plist */,
				CE19338D1B6A37EF002F4FCB /* main.m */,
			);
			name = "Supporting Files";
			sourceTree = "<group>";
		};
		CE1933A71B6A37EF002F4FCB /* CookBookAppTests */ = {
			isa = PBXGroup;
			children = (
				CE1933AA1B6A37EF002F4FCB /* CookBookAppTests.m */,
				CE1933A81B6A37EF002F4FCB /* Supporting Files */,
			);
			path = CookBookAppTests;
			sourceTree = "<group>";
		};
		CE1933A81B6A37EF002F4FCB /* Supporting Files */ = {
			isa = PBXGroup;
			children = (
				CE1933A91B6A37EF002F4FCB /* Info.plist */,
			);
			name = "Supporting Files";
			sourceTree = "<group>";
		};
		CE1934061B6A3EB3002F4FCB /* Images */ = {
			isa = PBXGroup;
			children = (
				CE510B2B1B735EB100F4E95D /* delphi_logo_blue_cropped.png */,
				CE510B261B726D0000F4E95D /* delphi.png */,
				CEE134C01B6F723400FD7E10 /* Default */,
				CEE134BE1B6F5AF700FD7E10 /* trash.png */,
				CEA7F3731BD653C30088BA4C /* loading-placeholder.png */,
				CE1933CB1B6A389D002F4FCB /* Notebook-Recipe-icon.png */,
				CEE134B61B6B7EEE00FD7E10 /* defaultCellImage.png */,
				CE1933CD1B6A389D002F4FCB /* Plus.png */,
				CE1933D71B6A389D002F4FCB /* skin.jpg */,
				CE1933C31B6A389D002F4FCB /* defaultImage.jpg */,
				CE1934141B6A3FDA002F4FCB /* Icons */,
				CE1934071B6A3EBC002F4FCB /* Categories */,
			);
			name = Images;
			sourceTree = "<group>";
		};
		CE1934071B6A3EBC002F4FCB /* Categories */ = {
			isa = PBXGroup;
			children = (
				CE1934081B6A3F26002F4FCB /* Desserts.png */,
				CE1934091B6A3F26002F4FCB /* Drinks.png */,
				CE19340A1B6A3F26002F4FCB /* First course.png */,
				CE19340B1B6A3F26002F4FCB /* Other.png */,
				CE19340C1B6A3F26002F4FCB /* Salads.png */,
				CE19340D1B6A3F26002F4FCB /* Main course.png */,
			);
			name = Categories;
			sourceTree = "<group>";
		};
		CE1934141B6A3FDA002F4FCB /* Icons */ = {
			isa = PBXGroup;
			children = (
				CE1934151B6A4078002F4FCB /* about.png */,
				CE1934161B6A4078002F4FCB /* edit.png */,
				CE1934171B6A4078002F4FCB /* trash.png */,
				CE1934181B6A4078002F4FCB /* ok.png */,
				CE1934191B6A4078002F4FCB /* cancel.png */,
				CE19341A1B6A4078002F4FCB /* like.png */,
				CE19341B1B6A4078002F4FCB /* fav-add.png */,
				CE19341C1B6A4078002F4FCB /* fav-delete.png */,
				CE19341D1B6A4078002F4FCB /* camera.png */,
				CE19341E1B6A4078002F4FCB /* Bookmark-25.png */,
			);
			name = Icons;
			sourceTree = "<group>";
		};
		CE1934291B6A40C4002F4FCB /* CoreDataFiles */ = {
			isa = PBXGroup;
			children = (
				CE1934371B6A5354002F4FCB /* Recipe.h */,
				CE1934381B6A5354002F4FCB /* Recipe.m */,
				CE1934341B6A5353002F4FCB /* RecipeCategory.h */,
				CE1934351B6A5353002F4FCB /* RecipeCategory.m */,
				CE1933BE1B6A389D002F4FCB /* Categories.json */,
				CE1933CE1B6A389D002F4FCB /* Recipes.json */,
			);
			name = CoreDataFiles;
			sourceTree = "<group>";
		};
		CE19342A1B6A40F3002F4FCB /* ViewControllers */ = {
			isa = PBXGroup;
			children = (
				CE19342D1B6A4162002F4FCB /* TableCells */,
				CE19342C1B6A411C002F4FCB /* ViewControllers */,
				CE19342B1B6A410C002F4FCB /* TableViewControllers */,
			);
			name = ViewControllers;
			sourceTree = "<group>";
		};
		CE19342B1B6A410C002F4FCB /* TableViewControllers */ = {
			isa = PBXGroup;
			children = (
				CE1933B91B6A389D002F4FCB /* AllRecipesTableViewController.h */,
				CE1933C11B6A389D002F4FCB /* CategoriesTableViewController.h */,
				CE1933C21B6A389D002F4FCB /* CategoriesTableViewController.m */,
				CE1933C61B6A389D002F4FCB /* FavouriteRecipesTableViewController.h */,
				CE1933C71B6A389D002F4FCB /* FavouriteRecipesTableViewController.m */,
				CE1933CF1B6A389D002F4FCB /* RecipesTableViewController.h */,
				CE1933D01B6A389D002F4FCB /* RecipesTableViewController.m */,
				CEE134BB1B6BBC9300FD7E10 /* AboutTableViewController.h */,
				CEE134BC1B6BBC9300FD7E10 /* AboutTableViewController.m */,
			);
			name = TableViewControllers;
			sourceTree = "<group>";
		};
		CE19342C1B6A411C002F4FCB /* ViewControllers */ = {
			isa = PBXGroup;
			children = (
				CE1933B71B6A389D002F4FCB /* AddRecipeViewController.h */,
				CE1933B81B6A389D002F4FCB /* AddRecipeViewController.m */,
				CE1933D31B6A389D002F4FCB /* ShowRecipeViewController.h */,
				CE1933D41B6A389D002F4FCB /* ShowRecipeViewController.m */,
				CE1933D11B6A389D002F4FCB /* RecipeViewController.h */,
				CE1933D21B6A389D002F4FCB /* RecipeViewController.m */,
				CE510B2D1B736D0D00F4E95D /* AboutViewController.h */,
				CE510B2E1B736D0D00F4E95D /* AboutViewController.m */,
				CE1933BA1B6A389D002F4FCB /* AllRecipesTableViewController.m */,
			);
			name = ViewControllers;
			sourceTree = "<group>";
		};
		CE19342D1B6A4162002F4FCB /* TableCells */ = {
			isa = PBXGroup;
			children = (
				CE1933BF1B6A389D002F4FCB /* CategoriesTableViewCell.h */,
				CE1933C01B6A389D002F4FCB /* CategoriesTableViewCell.m */,
				CE1933D51B6A389D002F4FCB /* SimpleTableViewCell.h */,
				CE1933D61B6A389D002F4FCB /* SimpleTableViewCell.m */,
			);
			name = TableCells;
			sourceTree = "<group>";
		};
		CEE134C01B6F723400FD7E10 /* Default */ = {
			isa = PBXGroup;
			children = (
				CE8C541A1C20182E00FB5BC8 /* img_1D3CE5A8-F6ED-4F33-8B60-476B56E389A1.png */,
				CE8C541B1C20182E00FB5BC8 /* img_2FDB0A89-F3E9-49EE-8C65-B58578E32133.png */,
				CE8C541C1C20182E00FB5BC8 /* img_003C192E-039C-4836-B430-FAC1F200A63F.png */,
				CE8C541D1C20182E00FB5BC8 /* img_5D93D2CC-4FCD-4997-9380-5726452D7221.png */,
				CE8C541E1C20182E00FB5BC8 /* img_7D367EFC-E7AA-4135-890A-DCBF0DEC417A.png */,
				CE8C541F1C20182E00FB5BC8 /* img_8D9D1BFB-6391-464F-A839-479D8FC9F109.png */,
				CE8C54201C20182E00FB5BC8 /* img_31A7812C-B874-4858-B21F-F1BE1123B941.png */,
				CE8C54211C20182E00FB5BC8 /* img_60BCB692-DBDC-41B2-A851-A1377EEEEB8F.png */,
				CE8C54221C20182E00FB5BC8 /* img_62EB41D8-3947-4728-AD6A-89375C0AFC9D.png */,
				CE8C54231C20182E00FB5BC8 /* img_677AE7B3-C9A0-4A5B-B3D0-5A0F720BD029.png */,
				CE8C54241C20182E00FB5BC8 /* img_996CA17B-157D-422B-BA9F-E09DE3E87639.png */,
				CE8C54251C20182E00FB5BC8 /* img_88431824-D3B5-4EEA-9173-2333BEA8DE25.png */,
				CE8C54261C20182E00FB5BC8 /* img_A8F3319C-0445-41BD-A4EF-CE7211F1C253.png */,
				CE8C54271C20182E00FB5BC8 /* img_A58C31C6-59B7-40AD-A0A7-7F3CDA039EAE.png */,
				CE8C54281C20182E00FB5BC8 /* img_A97B104F-DAF3-4976-9371-7856651C4B70.png */,
				CE8C54291C20182E00FB5BC8 /* img_CB31219E-8189-456D-8938-3FCB7F6804D2.png */,
			);
			name = Default;
			sourceTree = "<group>";
		};
		EB9794E362A375FE778DF8A9 /* Frameworks */ = {
			isa = PBXGroup;
			children = (
				51EC9C7A589CD7E103FFA988 /* libPods-CookBookApp.a */,
			);
			name = Frameworks;
			sourceTree = "<group>";
		};
/* End PBXGroup section */

/* Begin PBXNativeTarget section */
		CE1933871B6A37EF002F4FCB /* CookBookApp */ = {
			isa = PBXNativeTarget;
			buildConfigurationList = CE1933AE1B6A37EF002F4FCB /* Build configuration list for PBXNativeTarget "CookBookApp" */;
			buildPhases = (
				17FA2A5479E93289117D313B /* Check Pods Manifest.lock */,
				CE1933841B6A37EF002F4FCB /* Sources */,
				CE1933851B6A37EF002F4FCB /* Frameworks */,
				CE1933861B6A37EF002F4FCB /* Resources */,
				B51337CB1638C67AE5DCB8CE /* Copy Pods Resources */,
			);
			buildRules = (
			);
			dependencies = (
			);
			name = CookBookApp;
			productName = CookBookApp;
			productReference = CE1933881B6A37EF002F4FCB /* CookBookApp.app */;
			productType = "com.apple.product-type.application";
		};
		CE1933A31B6A37EF002F4FCB /* CookBookAppTests */ = {
			isa = PBXNativeTarget;
			buildConfigurationList = CE1933B11B6A37EF002F4FCB /* Build configuration list for PBXNativeTarget "CookBookAppTests" */;
			buildPhases = (
				CE1933A01B6A37EF002F4FCB /* Sources */,
				CE1933A11B6A37EF002F4FCB /* Frameworks */,
				CE1933A21B6A37EF002F4FCB /* Resources */,
			);
			buildRules = (
			);
			dependencies = (
				CE1933A61B6A37EF002F4FCB /* PBXTargetDependency */,
			);
			name = CookBookAppTests;
			productName = CookBookAppTests;
			productReference = CE1933A41B6A37EF002F4FCB /* CookBookAppTests.xctest */;
			productType = "com.apple.product-type.bundle.unit-test";
		};
/* End PBXNativeTarget section */

/* Begin PBXProject section */
		CE1933801B6A37EF002F4FCB /* Project object */ = {
			isa = PBXProject;
			attributes = {
				LastUpgradeCheck = 0640;
				ORGANIZATIONNAME = User;
				TargetAttributes = {
					CE1933871B6A37EF002F4FCB = {
						CreatedOnToolsVersion = 6.4;
						DevelopmentTeam = Y5QJ442VCG;
					};
					CE1933A31B6A37EF002F4FCB = {
						CreatedOnToolsVersion = 6.4;
						TestTargetID = CE1933871B6A37EF002F4FCB;
					};
				};
			};
			buildConfigurationList = CE1933831B6A37EF002F4FCB /* Build configuration list for PBXProject "CookBookApp" */;
			compatibilityVersion = "Xcode 3.2";
			developmentRegion = English;
			hasScannedForEncodings = 0;
			knownRegions = (
				en,
				Base,
				ru,
				uk,
			);
			mainGroup = CE19337F1B6A37EF002F4FCB;
			productRefGroup = CE1933891B6A37EF002F4FCB /* Products */;
			projectDirPath = "";
			projectRoot = "";
			targets = (
				CE1933871B6A37EF002F4FCB /* CookBookApp */,
				CE1933A31B6A37EF002F4FCB /* CookBookAppTests */,
			);
		};
/* End PBXProject section */

/* Begin PBXResourcesBuildPhase section */
		CE1933861B6A37EF002F4FCB /* Resources */ = {
			isa = PBXResourcesBuildPhase;
			buildActionMask = 2147483647;
			files = (
				CE1934281B6A4078002F4FCB /* Bookmark-25.png in Resources */,
				CE8C54301C20182E00FB5BC8 /* img_31A7812C-B874-4858-B21F-F1BE1123B941.png in Resources */,
				CE510B2C1B735EB100F4E95D /* delphi_logo_blue_cropped.png in Resources */,
				CE19340E1B6A3F26002F4FCB /* Desserts.png in Resources */,
				CE8C54331C20182E00FB5BC8 /* img_677AE7B3-C9A0-4A5B-B3D0-5A0F720BD029.png in Resources */,
				CE510B251B72440700F4E95D /* Main.storyboard in Resources */,
				CE1934201B6A4078002F4FCB /* edit.png in Resources */,
				CE510B1D1B70D2DD00F4E95D /* CookBookAppData.sqlite in Resources */,
				CE1933E01B6A389D002F4FCB /* Categories.json in Resources */,
				CE8C542F1C20182E00FB5BC8 /* img_8D9D1BFB-6391-464F-A839-479D8FC9F109.png in Resources */,
				CEB51B141BF1F14B00F091CE /* Localizable.strings in Resources */,
				CE1933E91B6A389D002F4FCB /* Notebook-Recipe-icon.png in Resources */,
				CE1933F11B6A389D002F4FCB /* skin.jpg in Resources */,
				CE8C54321C20182E00FB5BC8 /* img_62EB41D8-3947-4728-AD6A-89375C0AFC9D.png in Resources */,
				CE8C54361C20182E00FB5BC8 /* img_A8F3319C-0445-41BD-A4EF-CE7211F1C253.png in Resources */,
				CE1934121B6A3F26002F4FCB /* Salads.png in Resources */,
				CE8C54351C20182E00FB5BC8 /* img_88431824-D3B5-4EEA-9173-2333BEA8DE25.png in Resources */,
				CE8C54371C20182E00FB5BC8 /* img_A58C31C6-59B7-40AD-A0A7-7F3CDA039EAE.png in Resources */,
				CE1933EC1B6A389D002F4FCB /* Recipes.json in Resources */,
				CE8C54311C20182E00FB5BC8 /* img_60BCB692-DBDC-41B2-A851-A1377EEEEB8F.png in Resources */,
				CE8C542C1C20182E00FB5BC8 /* img_003C192E-039C-4836-B430-FAC1F200A63F.png in Resources */,
				CE1934241B6A4078002F4FCB /* like.png in Resources */,
				CE8C542A1C20182E00FB5BC8 /* img_1D3CE5A8-F6ED-4F33-8B60-476B56E389A1.png in Resources */,
				CEE134BF1B6F5AF700FD7E10 /* trash.png in Resources */,
				CE1933E31B6A389D002F4FCB /* defaultImage.jpg in Resources */,
				CE1934101B6A3F26002F4FCB /* First course.png in Resources */,
				CE8C542E1C20182E00FB5BC8 /* img_7D367EFC-E7AA-4135-890A-DCBF0DEC417A.png in Resources */,
				CE1933F61B6A38D0002F4FCB /* LaunchScreen.xib in Resources */,
				CE1934211B6A4078002F4FCB /* trash.png in Resources */,
				CE1934111B6A3F26002F4FCB /* Other.png in Resources */,
				CE510B271B726D0000F4E95D /* delphi.png in Resources */,
				CEA7F3741BD653C30088BA4C /* loading-placeholder.png in Resources */,
				CE1934251B6A4078002F4FCB /* fav-add.png in Resources */,
				CE8C542B1C20182E00FB5BC8 /* img_2FDB0A89-F3E9-49EE-8C65-B58578E32133.png in Resources */,
				CE1934231B6A4078002F4FCB /* cancel.png in Resources */,
				CE8C54391C20182E00FB5BC8 /* img_CB31219E-8189-456D-8938-3FCB7F6804D2.png in Resources */,
				CEB51B171BF230A900F091CE /* Localizable.strings in Resources */,
				CE1933F21B6A389D002F4FCB /* TableCell.xib in Resources */,
				CE1934131B6A3F26002F4FCB /* Main course.png in Resources */,
				CEE134B71B6B7EEE00FD7E10 /* defaultCellImage.png in Resources */,
				CE19341F1B6A4078002F4FCB /* about.png in Resources */,
				CE1934221B6A4078002F4FCB /* ok.png in Resources */,
				CE19339C1B6A37EF002F4FCB /* Images.xcassets in Resources */,
				CE8C54341C20182E00FB5BC8 /* img_996CA17B-157D-422B-BA9F-E09DE3E87639.png in Resources */,
				CE8C542D1C20182E00FB5BC8 /* img_5D93D2CC-4FCD-4997-9380-5726452D7221.png in Resources */,
				CE1934271B6A4078002F4FCB /* camera.png in Resources */,
				CE1934261B6A4078002F4FCB /* fav-delete.png in Resources */,
				CE19340F1B6A3F26002F4FCB /* Drinks.png in Resources */,
				CE1933EB1B6A389D002F4FCB /* Plus.png in Resources */,
				CE8C54381C20182E00FB5BC8 /* img_A97B104F-DAF3-4976-9371-7856651C4B70.png in Resources */,
			);
			runOnlyForDeploymentPostprocessing = 0;
		};
		CE1933A21B6A37EF002F4FCB /* Resources */ = {
			isa = PBXResourcesBuildPhase;
			buildActionMask = 2147483647;
			files = (
			);
			runOnlyForDeploymentPostprocessing = 0;
		};
/* End PBXResourcesBuildPhase section */

/* Begin PBXShellScriptBuildPhase section */
		17FA2A5479E93289117D313B /* Check Pods Manifest.lock */ = {
			isa = PBXShellScriptBuildPhase;
			buildActionMask = 2147483647;
			files = (
			);
			inputPaths = (
			);
			name = "Check Pods Manifest.lock";
			outputPaths = (
			);
			runOnlyForDeploymentPostprocessing = 0;
			shellPath = /bin/sh;
			shellScript = "diff \"${PODS_ROOT}/../Podfile.lock\" \"${PODS_ROOT}/Manifest.lock\" > /dev/null\nif [[ $? != 0 ]] ; then\n    cat << EOM\nerror: The sandbox is not in sync with the Podfile.lock. Run 'pod install' or update your CocoaPods installation.\nEOM\n    exit 1\nfi\n";
			showEnvVarsInLog = 0;
		};
		B51337CB1638C67AE5DCB8CE /* Copy Pods Resources */ = {
			isa = PBXShellScriptBuildPhase;
			buildActionMask = 2147483647;
			files = (
			);
			inputPaths = (
			);
			name = "Copy Pods Resources";
			outputPaths = (
			);
			runOnlyForDeploymentPostprocessing = 0;
			shellPath = /bin/sh;
			shellScript = "\"${SRCROOT}/Pods/Target Support Files/Pods-CookBookApp/Pods-CookBookApp-resources.sh\"\n";
			showEnvVarsInLog = 0;
		};
/* End PBXShellScriptBuildPhase section */

/* Begin PBXSourcesBuildPhase section */
		CE1933841B6A37EF002F4FCB /* Sources */ = {
			isa = PBXSourcesBuildPhase;
			buildActionMask = 2147483647;
			files = (
				CE1933911B6A37EF002F4FCB /* AppDelegate.m in Sources */,
				CEEDCE6A1B7B978B00C44D4E /* ImageZoomView.m in Sources */,
				CEE134BD1B6BBC9300FD7E10 /* AboutTableViewController.m in Sources */,
				CE1933F01B6A389D002F4FCB /* SimpleTableViewCell.m in Sources */,
				CE0FC8081B821ADA00BA9C78 /* NSString+MD5.m in Sources */,
				CE510B2F1B736D0D00F4E95D /* AboutViewController.m in Sources */,
				CE1933EF1B6A389D002F4FCB /* ShowRecipeViewController.m in Sources */,
				CE1933E11B6A389D002F4FCB /* CategoriesTableViewCell.m in Sources */,
				CE1933971B6A37EF002F4FCB /* ViewController.m in Sources */,
				CE1933DC1B6A389D002F4FCB /* AllRecipesTableViewController.m in Sources */,
				CE1934051B6A3C88002F4FCB /* CookBookApp.xcdatamodeld in Sources */,
				CE510B2A1B734EB300F4E95D /* PathManager.m in Sources */,
				CE19338E1B6A37EF002F4FCB /* main.m in Sources */,
				CE1934361B6A5353002F4FCB /* RecipeCategory.m in Sources */,
				CE1933E71B6A389D002F4FCB /* ImageProcessor.m in Sources */,
				CE1933E61B6A389D002F4FCB /* FavouriteRecipesTableViewController.m in Sources */,
				CE1934391B6A5354002F4FCB /* Recipe.m in Sources */,
				CE1933EE1B6A389D002F4FCB /* RecipeViewController.m in Sources */,
				CE1933DB1B6A389D002F4FCB /* AddRecipeViewController.m in Sources */,
				CE1933E21B6A389D002F4FCB /* CategoriesTableViewController.m in Sources */,
				CE0FC80B1B82265000BA9C78 /* UIImageView+Network.m in Sources */,
				CE1933ED1B6A389D002F4FCB /* RecipesTableViewController.m in Sources */,
				CE0FC8071B821ADA00BA9C78 /* FTWCache.m in Sources */,
			);
			runOnlyForDeploymentPostprocessing = 0;
		};
		CE1933A01B6A37EF002F4FCB /* Sources */ = {
			isa = PBXSourcesBuildPhase;
			buildActionMask = 2147483647;
			files = (
				CE1933AB1B6A37EF002F4FCB /* CookBookAppTests.m in Sources */,
			);
			runOnlyForDeploymentPostprocessing = 0;
		};
/* End PBXSourcesBuildPhase section */

/* Begin PBXTargetDependency section */
		CE1933A61B6A37EF002F4FCB /* PBXTargetDependency */ = {
			isa = PBXTargetDependency;
			target = CE1933871B6A37EF002F4FCB /* CookBookApp */;
			targetProxy = CE1933A51B6A37EF002F4FCB /* PBXContainerItemProxy */;
		};
/* End PBXTargetDependency section */

/* Begin PBXVariantGroup section */
		CEB51B191BF230A900F091CE /* Localizable.strings */ = {
			isa = PBXVariantGroup;
			children = (
				CEB51B181BF230A900F091CE /* en */,
				CEB51B1A1BF230BA00F091CE /* Base */,
				CEB51B1B1BF230D300F091CE /* ru */,
				CEB51B1C1BF230DE00F091CE /* uk */,
			);
			name = Localizable.strings;
			sourceTree = "<group>";
		};
/* End PBXVariantGroup section */

/* Begin XCBuildConfiguration section */
		CE1933AC1B6A37EF002F4FCB /* Debug */ = {
			isa = XCBuildConfiguration;
			buildSettings = {
				ALWAYS_SEARCH_USER_PATHS = NO;
				CLANG_CXX_LANGUAGE_STANDARD = "gnu++0x";
				CLANG_CXX_LIBRARY = "libc++";
				CLANG_ENABLE_MODULES = YES;
				CLANG_ENABLE_OBJC_ARC = YES;
				CLANG_WARN_BOOL_CONVERSION = YES;
				CLANG_WARN_CONSTANT_CONVERSION = YES;
				CLANG_WARN_DIRECT_OBJC_ISA_USAGE = YES_ERROR;
				CLANG_WARN_EMPTY_BODY = YES;
				CLANG_WARN_ENUM_CONVERSION = YES;
				CLANG_WARN_INT_CONVERSION = YES;
				CLANG_WARN_OBJC_ROOT_CLASS = YES_ERROR;
				CLANG_WARN_UNREACHABLE_CODE = YES;
				CLANG_WARN__DUPLICATE_METHOD_MATCH = YES;
				"CODE_SIGN_IDENTITY[sdk=iphoneos*]" = "iPhone Developer";
				COMPRESS_PNG_FILES = YES;
				COPY_PHASE_STRIP = NO;
				DEBUG_INFORMATION_FORMAT = "dwarf-with-dsym";
				ENABLE_STRICT_OBJC_MSGSEND = YES;
				GCC_C_LANGUAGE_STANDARD = gnu99;
				GCC_DYNAMIC_NO_PIC = NO;
				GCC_NO_COMMON_BLOCKS = YES;
				GCC_OPTIMIZATION_LEVEL = 0;
				GCC_PREPROCESSOR_DEFINITIONS = (
					"DEBUG=1",
					"$(inherited)",
				);
				GCC_SYMBOLS_PRIVATE_EXTERN = NO;
				GCC_WARN_64_TO_32_BIT_CONVERSION = YES;
				GCC_WARN_ABOUT_RETURN_TYPE = YES_ERROR;
				GCC_WARN_UNDECLARED_SELECTOR = YES;
				GCC_WARN_UNINITIALIZED_AUTOS = YES_AGGRESSIVE;
				GCC_WARN_UNUSED_FUNCTION = YES;
				GCC_WARN_UNUSED_VARIABLE = YES;
				IPHONEOS_DEPLOYMENT_TARGET = 8.4;
				MTL_ENABLE_DEBUG_INFO = YES;
				ONLY_ACTIVE_ARCH = YES;
				SDKROOT = iphoneos;
				TARGETED_DEVICE_FAMILY = "1,2";
			};
			name = Debug;
		};
		CE1933AD1B6A37EF002F4FCB /* Release */ = {
			isa = XCBuildConfiguration;
			buildSettings = {
				ALWAYS_SEARCH_USER_PATHS = NO;
				CLANG_CXX_LANGUAGE_STANDARD = "gnu++0x";
				CLANG_CXX_LIBRARY = "libc++";
				CLANG_ENABLE_MODULES = YES;
				CLANG_ENABLE_OBJC_ARC = YES;
				CLANG_WARN_BOOL_CONVERSION = YES;
				CLANG_WARN_CONSTANT_CONVERSION = YES;
				CLANG_WARN_DIRECT_OBJC_ISA_USAGE = YES_ERROR;
				CLANG_WARN_EMPTY_BODY = YES;
				CLANG_WARN_ENUM_CONVERSION = YES;
				CLANG_WARN_INT_CONVERSION = YES;
				CLANG_WARN_OBJC_ROOT_CLASS = YES_ERROR;
				CLANG_WARN_UNREACHABLE_CODE = YES;
				CLANG_WARN__DUPLICATE_METHOD_MATCH = YES;
				"CODE_SIGN_IDENTITY[sdk=iphoneos*]" = "iPhone Developer";
				COMPRESS_PNG_FILES = YES;
				COPY_PHASE_STRIP = NO;
				DEBUG_INFORMATION_FORMAT = "dwarf-with-dsym";
				ENABLE_NS_ASSERTIONS = NO;
				ENABLE_STRICT_OBJC_MSGSEND = YES;
				GCC_C_LANGUAGE_STANDARD = gnu99;
				GCC_NO_COMMON_BLOCKS = YES;
				GCC_WARN_64_TO_32_BIT_CONVERSION = YES;
				GCC_WARN_ABOUT_RETURN_TYPE = YES_ERROR;
				GCC_WARN_UNDECLARED_SELECTOR = YES;
				GCC_WARN_UNINITIALIZED_AUTOS = YES_AGGRESSIVE;
				GCC_WARN_UNUSED_FUNCTION = YES;
				GCC_WARN_UNUSED_VARIABLE = YES;
				IPHONEOS_DEPLOYMENT_TARGET = 8.4;
				MTL_ENABLE_DEBUG_INFO = NO;
				SDKROOT = iphoneos;
				TARGETED_DEVICE_FAMILY = "1,2";
				VALIDATE_PRODUCT = YES;
			};
			name = Release;
		};
		CE1933AF1B6A37EF002F4FCB /* Debug */ = {
			isa = XCBuildConfiguration;
			baseConfigurationReference = 230B5FB9A5AFCB87B371E68E /* Pods-CookBookApp.debug.xcconfig */;
			buildSettings = {
				ASSETCATALOG_COMPILER_APPICON_NAME = AppIcon;
				CODE_SIGN_IDENTITY = "iPhone Developer";
				COMPRESS_PNG_FILES = YES;
				INFOPLIST_FILE = CookBookApp/Info.plist;
				IPHONEOS_DEPLOYMENT_TARGET = 8.0;
				LD_RUNPATH_SEARCH_PATHS = "$(inherited) @executable_path/Frameworks";
				PRODUCT_BUNDLE_IDENTIFIER = Delphi.CookBook;
				PRODUCT_NAME = "$(TARGET_NAME)";
			};
			name = Debug;
		};
		CE1933B01B6A37EF002F4FCB /* Release */ = {
			isa = XCBuildConfiguration;
			baseConfigurationReference = 79F61346E12922D7846BCA82 /* Pods-CookBookApp.release.xcconfig */;
			buildSettings = {
				ASSETCATALOG_COMPILER_APPICON_NAME = AppIcon;
				CODE_SIGN_IDENTITY = "iPhone Developer";
				COMPRESS_PNG_FILES = YES;
				INFOPLIST_FILE = CookBookApp/Info.plist;
				IPHONEOS_DEPLOYMENT_TARGET = 8.0;
				LD_RUNPATH_SEARCH_PATHS = "$(inherited) @executable_path/Frameworks";
				PRODUCT_BUNDLE_IDENTIFIER = Delphi.CookBook;
				PRODUCT_NAME = "$(TARGET_NAME)";
			};
			name = Release;
		};
		CE1933B21B6A37EF002F4FCB /* Debug */ = {
			isa = XCBuildConfiguration;
			buildSettings = {
				BUNDLE_LOADER = "$(TEST_HOST)";
				FRAMEWORK_SEARCH_PATHS = (
					"$(SDKROOT)/Developer/Library/Frameworks",
					"$(inherited)",
				);
				GCC_PREPROCESSOR_DEFINITIONS = (
					"DEBUG=1",
					"$(inherited)",
				);
				INFOPLIST_FILE = CookBookAppTests/Info.plist;
				LD_RUNPATH_SEARCH_PATHS = "$(inherited) @executable_path/Frameworks @loader_path/Frameworks";
				PRODUCT_NAME = "$(TARGET_NAME)";
				TEST_HOST = "$(BUILT_PRODUCTS_DIR)/CookBookApp.app/CookBookApp";
			};
			name = Debug;
		};
		CE1933B31B6A37EF002F4FCB /* Release */ = {
			isa = XCBuildConfiguration;
			buildSettings = {
				BUNDLE_LOADER = "$(TEST_HOST)";
				FRAMEWORK_SEARCH_PATHS = (
					"$(SDKROOT)/Developer/Library/Frameworks",
					"$(inherited)",
				);
				INFOPLIST_FILE = CookBookAppTests/Info.plist;
				LD_RUNPATH_SEARCH_PATHS = "$(inherited) @executable_path/Frameworks @loader_path/Frameworks";
				PRODUCT_NAME = "$(TARGET_NAME)";
				TEST_HOST = "$(BUILT_PRODUCTS_DIR)/CookBookApp.app/CookBookApp";
			};
			name = Release;
		};
/* End XCBuildConfiguration section */

/* Begin XCConfigurationList section */
		CE1933831B6A37EF002F4FCB /* Build configuration list for PBXProject "CookBookApp" */ = {
			isa = XCConfigurationList;
			buildConfigurations = (
				CE1933AC1B6A37EF002F4FCB /* Debug */,
				CE1933AD1B6A37EF002F4FCB /* Release */,
			);
			defaultConfigurationIsVisible = 0;
			defaultConfigurationName = Release;
		};
		CE1933AE1B6A37EF002F4FCB /* Build configuration list for PBXNativeTarget "CookBookApp" */ = {
			isa = XCConfigurationList;
			buildConfigurations = (
				CE1933AF1B6A37EF002F4FCB /* Debug */,
				CE1933B01B6A37EF002F4FCB /* Release */,
			);
			defaultConfigurationIsVisible = 0;
			defaultConfigurationName = Release;
		};
		CE1933B11B6A37EF002F4FCB /* Build configuration list for PBXNativeTarget "CookBookAppTests" */ = {
			isa = XCConfigurationList;
			buildConfigurations = (
				CE1933B21B6A37EF002F4FCB /* Debug */,
				CE1933B31B6A37EF002F4FCB /* Release */,
			);
			defaultConfigurationIsVisible = 0;
			defaultConfigurationName = Release;
		};
/* End XCConfigurationList section */

/* Begin XCVersionGroup section */
		CE1934031B6A3C88002F4FCB /* CookBookApp.xcdatamodeld */ = {
			isa = XCVersionGroup;
			children = (
				CE510ADB1B70BE6D00F4E95D /* CookBookApp 3.xcdatamodel */,
				CE510ADA1B70B2FD00F4E95D /* CookBookApp 2.xcdatamodel */,
				CE1934041B6A3C88002F4FCB /* CookBookApp.xcdatamodel */,
			);
			currentVersion = CE510ADB1B70BE6D00F4E95D /* CookBookApp 3.xcdatamodel */;
			path = CookBookApp.xcdatamodeld;
			sourceTree = SOURCE_ROOT;
			versionGroupType = wrapper.xcdatamodel;
		};
/* End XCVersionGroup section */
	};
	rootObject = CE1933801B6A37EF002F4FCB /* Project object */;
}
